
Microsoft Visual Studio Solution File, Format Version 12.00
# Visual Studio 2012
Project("{FAE04EC0-301F-11D3-BF4B-00C04F79EFBC}") = "CrossPlat-Demo", "CrossPlat-Demo2\CrossPlat-Demo\CrossPlat-Demo.csproj", "{737814E6-426A-4C7B-BFA0-23D7A35AC8A3}"
EndProject
Project("{FAE04EC0-301F-11D3-BF4B-00C04F79EFBC}") = "CrossPlat-DemoContent", "CrossPlat-Demo2\CrossPlat-DemoContent\CrossPlat-DemoContent.contentproj", "{9383C868-C370-4471-8A34-BC974FC7D280}"
EndProject
Project("{FAE04EC0-301F-11D3-BF4B-00C04F79EFBC}") = "Lightning.Engine.Windows", "CrossPlat-Demo2\Lightning.Engine\Lightning.Engine.Windows.csproj", "{DF0F28C7-5BA8-4175-985E-721955BE86E6}"
EndProject
Project("{FAE04EC0-301F-11D3-BF4B-00C04F79EFBC}") = "WindowsGL-Game", "CrossPlat-Demo2\WindowsGL-Game\WindowsGL-Game.csproj", "{4EEC9898-485E-4A58-B797-7F06B3E3126D}"
EndProject
Global
	GlobalSection(SolutionConfigurationPlatforms) = preSolution
		Android|Any CPU = Android|Any CPU
		Android|Mixed Platforms = Android|Mixed Platforms
		Android|x86 = Android|x86
		Debug|Any CPU = Debug|Any CPU
		Debug|Mixed Platforms = Debug|Mixed Platforms
		Debug|x86 = Debug|x86
		iOS|Any CPU = iOS|Any CPU
		iOS|Mixed Platforms = iOS|Mixed Platforms
		iOS|x86 = iOS|x86
		Linux|Any CPU = Linux|Any CPU
		Linux|Mixed Platforms = Linux|Mixed Platforms
		Linux|x86 = Linux|x86
		OSX|Any CPU = OSX|Any CPU
		OSX|Mixed Platforms = OSX|Mixed Platforms
		OSX|x86 = OSX|x86
		PSM|Any CPU = PSM|Any CPU
		PSM|Mixed Platforms = PSM|Mixed Platforms
		PSM|x86 = PSM|x86
		Release|Any CPU = Release|Any CPU
		Release|Mixed Platforms = Release|Mixed Platforms
		Release|x86 = Release|x86
		Windows|Any CPU = Windows|Any CPU
		Windows|Mixed Platforms = Windows|Mixed Platforms
		Windows|x86 = Windows|x86
		Windows8|Any CPU = Windows8|Any CPU
		Windows8|Mixed Platforms = Windows8|Mixed Platforms
		Windows8|x86 = Windows8|x86
	EndGlobalSection
	GlobalSection(ProjectConfigurationPlatforms) = postSolution
		{737814E6-426A-4C7B-BFA0-23D7A35AC8A3}.Android|Any CPU.ActiveCfg = Android|Any CPU
		{737814E6-426A-4C7B-BFA0-23D7A35AC8A3}.Android|Any CPU.Build.0 = Android|Any CPU
		{737814E6-426A-4C7B-BFA0-23D7A35AC8A3}.Android|Mixed Platforms.ActiveCfg = Android|Any CPU
		{737814E6-426A-4C7B-BFA0-23D7A35AC8A3}.Android|Mixed Platforms.Build.0 = Android|Any CPU
		{737814E6-426A-4C7B-BFA0-23D7A35AC8A3}.Android|x86.ActiveCfg = Android|Any CPU
		{737814E6-426A-4C7B-BFA0-23D7A35AC8A3}.Debug|Any CPU.ActiveCfg = PSM|Any CPU
		{737814E6-426A-4C7B-BFA0-23D7A35AC8A3}.Debug|Any CPU.Build.0 = PSM|Any CPU
		{737814E6-426A-4C7B-BFA0-23D7A35AC8A3}.Debug|Mixed Platforms.ActiveCfg = Windows8|Any CPU
		{737814E6-426A-4C7B-BFA0-23D7A35AC8A3}.Debug|Mixed Platforms.Build.0 = Windows8|Any CPU
		{737814E6-426A-4C7B-BFA0-23D7A35AC8A3}.Debug|x86.ActiveCfg = Windows8|Any CPU
		{737814E6-426A-4C7B-BFA0-23D7A35AC8A3}.iOS|Any CPU.ActiveCfg = iOS|Any CPU
		{737814E6-426A-4C7B-BFA0-23D7A35AC8A3}.iOS|Any CPU.Build.0 = iOS|Any CPU
		{737814E6-426A-4C7B-BFA0-23D7A35AC8A3}.iOS|Mixed Platforms.ActiveCfg = iOS|Any CPU
		{737814E6-426A-4C7B-BFA0-23D7A35AC8A3}.iOS|Mixed Platforms.Build.0 = iOS|Any CPU
		{737814E6-426A-4C7B-BFA0-23D7A35AC8A3}.iOS|x86.ActiveCfg = iOS|Any CPU
		{737814E6-426A-4C7B-BFA0-23D7A35AC8A3}.Linux|Any CPU.ActiveCfg = Linux|Any CPU
		{737814E6-426A-4C7B-BFA0-23D7A35AC8A3}.Linux|Any CPU.Build.0 = Linux|Any CPU
		{737814E6-426A-4C7B-BFA0-23D7A35AC8A3}.Linux|Mixed Platforms.ActiveCfg = Linux|Any CPU
		{737814E6-426A-4C7B-BFA0-23D7A35AC8A3}.Linux|Mixed Platforms.Build.0 = Linux|Any CPU
		{737814E6-426A-4C7B-BFA0-23D7A35AC8A3}.Linux|x86.ActiveCfg = Linux|Any CPU
		{737814E6-426A-4C7B-BFA0-23D7A35AC8A3}.OSX|Any CPU.ActiveCfg = OSX|Any CPU
		{737814E6-426A-4C7B-BFA0-23D7A35AC8A3}.OSX|Any CPU.Build.0 = OSX|Any CPU
		{737814E6-426A-4C7B-BFA0-23D7A35AC8A3}.OSX|Mixed Platforms.ActiveCfg = OSX|Any CPU
		{737814E6-426A-4C7B-BFA0-23D7A35AC8A3}.OSX|Mixed Platforms.Build.0 = OSX|Any CPU
		{737814E6-426A-4C7B-BFA0-23D7A35AC8A3}.OSX|x86.ActiveCfg = OSX|Any CPU
		{737814E6-426A-4C7B-BFA0-23D7A35AC8A3}.PSM|Any CPU.ActiveCfg = PSM|Any CPU
		{737814E6-426A-4C7B-BFA0-23D7A35AC8A3}.PSM|Any CPU.Build.0 = PSM|Any CPU
		{737814E6-426A-4C7B-BFA0-23D7A35AC8A3}.PSM|Mixed Platforms.ActiveCfg = PSM|Any CPU
		{737814E6-426A-4C7B-BFA0-23D7A35AC8A3}.PSM|Mixed Platforms.Build.0 = PSM|Any CPU
		{737814E6-426A-4C7B-BFA0-23D7A35AC8A3}.PSM|x86.ActiveCfg = PSM|Any CPU
		{737814E6-426A-4C7B-BFA0-23D7A35AC8A3}.Release|Any CPU.ActiveCfg = PSM|Any CPU
		{737814E6-426A-4C7B-BFA0-23D7A35AC8A3}.Release|Any CPU.Build.0 = PSM|Any CPU
		{737814E6-426A-4C7B-BFA0-23D7A35AC8A3}.Release|Mixed Platforms.ActiveCfg = Windows8|Any CPU
		{737814E6-426A-4C7B-BFA0-23D7A35AC8A3}.Release|Mixed Platforms.Build.0 = Windows8|Any CPU
		{737814E6-426A-4C7B-BFA0-23D7A35AC8A3}.Release|x86.ActiveCfg = Windows8|Any CPU
		{737814E6-426A-4C7B-BFA0-23D7A35AC8A3}.Windows|Any CPU.ActiveCfg = Windows|Any CPU
		{737814E6-426A-4C7B-BFA0-23D7A35AC8A3}.Windows|Any CPU.Build.0 = Windows|Any CPU
		{737814E6-426A-4C7B-BFA0-23D7A35AC8A3}.Windows|Mixed Platforms.ActiveCfg = Windows|Any CPU
		{737814E6-426A-4C7B-BFA0-23D7A35AC8A3}.Windows|Mixed Platforms.Build.0 = Windows|Any CPU
		{737814E6-426A-4C7B-BFA0-23D7A35AC8A3}.Windows|x86.ActiveCfg = Windows|Any CPU
		{737814E6-426A-4C7B-BFA0-23D7A35AC8A3}.Windows8|Any CPU.ActiveCfg = Windows8|Any CPU
		{737814E6-426A-4C7B-BFA0-23D7A35AC8A3}.Windows8|Any CPU.Build.0 = Windows8|Any CPU
		{737814E6-426A-4C7B-BFA0-23D7A35AC8A3}.Windows8|Mixed Platforms.ActiveCfg = Windows8|Any CPU
		{737814E6-426A-4C7B-BFA0-23D7A35AC8A3}.Windows8|Mixed Platforms.Build.0 = Windows8|Any CPU
		{737814E6-426A-4C7B-BFA0-23D7A35AC8A3}.Windows8|x86.ActiveCfg = Windows8|Any CPU
		{9383C868-C370-4471-8A34-BC974FC7D280}.Android|Any CPU.ActiveCfg = Android|Any CPU
		{9383C868-C370-4471-8A34-BC974FC7D280}.Android|Mixed Platforms.ActiveCfg = Android|Any CPU
		{9383C868-C370-4471-8A34-BC974FC7D280}.Android|x86.ActiveCfg = Android|Any CPU
		{9383C868-C370-4471-8A34-BC974FC7D280}.Debug|Any CPU.ActiveCfg = PSM|Any CPU
		{9383C868-C370-4471-8A34-BC974FC7D280}.Debug|Mixed Platforms.ActiveCfg = Windows8|Any CPU
		{9383C868-C370-4471-8A34-BC974FC7D280}.Debug|x86.ActiveCfg = Windows8|Any CPU
		{9383C868-C370-4471-8A34-BC974FC7D280}.iOS|Any CPU.ActiveCfg = iOS|Any CPU
		{9383C868-C370-4471-8A34-BC974FC7D280}.iOS|Mixed Platforms.ActiveCfg = iOS|Any CPU
		{9383C868-C370-4471-8A34-BC974FC7D280}.iOS|x86.ActiveCfg = iOS|Any CPU
		{9383C868-C370-4471-8A34-BC974FC7D280}.Linux|Any CPU.ActiveCfg = Linux|Any CPU
		{9383C868-C370-4471-8A34-BC974FC7D280}.Linux|Mixed Platforms.ActiveCfg = Linux|Any CPU
		{9383C868-C370-4471-8A34-BC974FC7D280}.Linux|x86.ActiveCfg = Linux|Any CPU
		{9383C868-C370-4471-8A34-BC974FC7D280}.OSX|Any CPU.ActiveCfg = OSX|Any CPU
		{9383C868-C370-4471-8A34-BC974FC7D280}.OSX|Mixed Platforms.ActiveCfg = OSX|Any CPU
		{9383C868-C370-4471-8A34-BC974FC7D280}.OSX|x86.ActiveCfg = OSX|Any CPU
		{9383C868-C370-4471-8A34-BC974FC7D280}.PSM|Any CPU.ActiveCfg = PSM|Any CPU
		{9383C868-C370-4471-8A34-BC974FC7D280}.PSM|Mixed Platforms.ActiveCfg = PSM|Any CPU
		{9383C868-C370-4471-8A34-BC974FC7D280}.PSM|x86.ActiveCfg = PSM|Any CPU
		{9383C868-C370-4471-8A34-BC974FC7D280}.Release|Any CPU.ActiveCfg = PSM|Any CPU
		{9383C868-C370-4471-8A34-BC974FC7D280}.Release|Mixed Platforms.ActiveCfg = Windows8|Any CPU
		{9383C868-C370-4471-8A34-BC974FC7D280}.Release|x86.ActiveCfg = Windows8|Any CPU
		{9383C868-C370-4471-8A34-BC974FC7D280}.Windows|Any CPU.ActiveCfg = Windows|Any CPU
		{9383C868-C370-4471-8A34-BC974FC7D280}.Windows|Mixed Platforms.ActiveCfg = Windows|Any CPU
		{9383C868-C370-4471-8A34-BC974FC7D280}.Windows|x86.ActiveCfg = Windows|Any CPU
		{9383C868-C370-4471-8A34-BC974FC7D280}.Windows8|Any CPU.ActiveCfg = Windows8|Any CPU
		{9383C868-C370-4471-8A34-BC974FC7D280}.Windows8|Mixed Platforms.ActiveCfg = Windows8|Any CPU
		{9383C868-C370-4471-8A34-BC974FC7D280}.Windows8|x86.ActiveCfg = Windows8|Any CPU
		{DF0F28C7-5BA8-4175-985E-721955BE86E6}.Android|Any CPU.ActiveCfg = Release|Any CPU
		{DF0F28C7-5BA8-4175-985E-721955BE86E6}.Android|Any CPU.Build.0 = Release|Any CPU
		{DF0F28C7-5BA8-4175-985E-721955BE86E6}.Android|Mixed Platforms.ActiveCfg = Debug|Any CPU
		{DF0F28C7-5BA8-4175-985E-721955BE86E6}.Android|Mixed Platforms.Build.0 = Debug|Any CPU
		{DF0F28C7-5BA8-4175-985E-721955BE86E6}.Android|x86.ActiveCfg = Debug|Any CPU
		{DF0F28C7-5BA8-4175-985E-721955BE86E6}.Debug|Any CPU.ActiveCfg = Debug|Any CPU
		{DF0F28C7-5BA8-4175-985E-721955BE86E6}.Debug|Any CPU.Build.0 = Debug|Any CPU
		{DF0F28C7-5BA8-4175-985E-721955BE86E6}.Debug|Mixed Platforms.ActiveCfg = Debug|Any CPU
		{DF0F28C7-5BA8-4175-985E-721955BE86E6}.Debug|Mixed Platforms.Build.0 = Debug|Any CPU
		{DF0F28C7-5BA8-4175-985E-721955BE86E6}.Debug|x86.ActiveCfg = Debug|Any CPU
		{DF0F28C7-5BA8-4175-985E-721955BE86E6}.iOS|Any CPU.ActiveCfg = Release|Any CPU
		{DF0F28C7-5BA8-4175-985E-721955BE86E6}.iOS|Any CPU.Build.0 = Release|Any CPU
		{DF0F28C7-5BA8-4175-985E-721955BE86E6}.iOS|Mixed Platforms.ActiveCfg = Debug|Any CPU
		{DF0F28C7-5BA8-4175-985E-721955BE86E6}.iOS|Mixed Platforms.Build.0 = Debug|Any CPU
		{DF0F28C7-5BA8-4175-985E-721955BE86E6}.iOS|x86.ActiveCfg = Debug|Any CPU
		{DF0F28C7-5BA8-4175-985E-721955BE86E6}.Linux|Any CPU.ActiveCfg = Release|Any CPU
		{DF0F28C7-5BA8-4175-985E-721955BE86E6}.Linux|Any CPU.Build.0 = Release|Any CPU
		{DF0F28C7-5BA8-4175-985E-721955BE86E6}.Linux|Mixed Platforms.ActiveCfg = Debug|Any CPU
		{DF0F28C7-5BA8-4175-985E-721955BE86E6}.Linux|Mixed Platforms.Build.0 = Debug|Any CPU
		{DF0F28C7-5BA8-4175-985E-721955BE86E6}.Linux|x86.ActiveCfg = Debug|Any CPU
		{DF0F28C7-5BA8-4175-985E-721955BE86E6}.OSX|Any CPU.ActiveCfg = Release|Any CPU
		{DF0F28C7-5BA8-4175-985E-721955BE86E6}.OSX|Any CPU.Build.0 = Release|Any CPU
		{DF0F28C7-5BA8-4175-985E-721955BE86E6}.OSX|Mixed Platforms.ActiveCfg = Debug|Any CPU
		{DF0F28C7-5BA8-4175-985E-721955BE86E6}.OSX|Mixed Platforms.Build.0 = Debug|Any CPU
		{DF0F28C7-5BA8-4175-985E-721955BE86E6}.OSX|x86.ActiveCfg = Debug|Any CPU
		{DF0F28C7-5BA8-4175-985E-721955BE86E6}.PSM|Any CPU.ActiveCfg = Release|Any CPU
		{DF0F28C7-5BA8-4175-985E-721955BE86E6}.PSM|Any CPU.Build.0 = Release|Any CPU
		{DF0F28C7-5BA8-4175-985E-721955BE86E6}.PSM|Mixed Platforms.ActiveCfg = Debug|Any CPU
		{DF0F28C7-5BA8-4175-985E-721955BE86E6}.PSM|Mixed Platforms.Build.0 = Debug|Any CPU
		{DF0F28C7-5BA8-4175-985E-721955BE86E6}.PSM|x86.ActiveCfg = Debug|Any CPU
		{DF0F28C7-5BA8-4175-985E-721955BE86E6}.Release|Any CPU.ActiveCfg = Release|Any CPU
		{DF0F28C7-5BA8-4175-985E-721955BE86E6}.Release|Any CPU.Build.0 = Release|Any CPU
		{DF0F28C7-5BA8-4175-985E-721955BE86E6}.Release|Mixed Platforms.ActiveCfg = Release|Any CPU
		{DF0F28C7-5BA8-4175-985E-721955BE86E6}.Release|Mixed Platforms.Build.0 = Release|Any CPU
		{DF0F28C7-5BA8-4175-985E-721955BE86E6}.Release|x86.ActiveCfg = Release|Any CPU
		{DF0F28C7-5BA8-4175-985E-721955BE86E6}.Windows|Any CPU.ActiveCfg = Release|Any CPU
		{DF0F28C7-5BA8-4175-985E-721955BE86E6}.Windows|Any CPU.Build.0 = Release|Any CPU
		{DF0F28C7-5BA8-4175-985E-721955BE86E6}.Windows|Mixed Platforms.ActiveCfg = Debug|Any CPU
		{DF0F28C7-5BA8-4175-985E-721955BE86E6}.Windows|Mixed Platforms.Build.0 = Debug|Any CPU
		{DF0F28C7-5BA8-4175-985E-721955BE86E6}.Windows|x86.ActiveCfg = Debug|Any CPU
		{DF0F28C7-5BA8-4175-985E-721955BE86E6}.Windows8|Any CPU.ActiveCfg = Release|Any CPU
		{DF0F28C7-5BA8-4175-985E-721955BE86E6}.Windows8|Any CPU.Build.0 = Release|Any CPU
		{DF0F28C7-5BA8-4175-985E-721955BE86E6}.Windows8|Mixed Platforms.ActiveCfg = Debug|Any CPU
		{DF0F28C7-5BA8-4175-985E-721955BE86E6}.Windows8|Mixed Platforms.Build.0 = Debug|Any CPU
		{DF0F28C7-5BA8-4175-985E-721955BE86E6}.Windows8|x86.ActiveCfg = Debug|Any CPU
		{4EEC9898-485E-4A58-B797-7F06B3E3126D}.Android|Any CPU.ActiveCfg = Release|x86
		{4EEC9898-485E-4A58-B797-7F06B3E3126D}.Android|Mixed Platforms.ActiveCfg = Release|x86
		{4EEC9898-485E-4A58-B797-7F06B3E3126D}.Android|Mixed Platforms.Build.0 = Release|x86
		{4EEC9898-485E-4A58-B797-7F06B3E3126D}.Android|x86.ActiveCfg = Release|x86
		{4EEC9898-485E-4A58-B797-7F06B3E3126D}.Android|x86.Build.0 = Release|x86
		{4EEC9898-485E-4A58-B797-7F06B3E3126D}.Debug|Any CPU.ActiveCfg = Debug|x86
		{4EEC9898-485E-4A58-B797-7F06B3E3126D}.Debug|Mixed Platforms.ActiveCfg = Debug|x86
		{4EEC9898-485E-4A58-B797-7F06B3E3126D}.Debug|Mixed Platforms.Build.0 = Debug|x86
		{4EEC9898-485E-4A58-B797-7F06B3E3126D}.Debug|x86.ActiveCfg = Debug|x86
		{4EEC9898-485E-4A58-B797-7F06B3E3126D}.Debug|x86.Build.0 = Debug|x86
		{4EEC9898-485E-4A58-B797-7F06B3E3126D}.iOS|Any CPU.ActiveCfg = Release|x86
		{4EEC9898-485E-4A58-B797-7F06B3E3126D}.iOS|Mixed Platforms.ActiveCfg = Release|x86
		{4EEC9898-485E-4A58-B797-7F06B3E3126D}.iOS|Mixed Platforms.Build.0 = Release|x86
		{4EEC9898-485E-4A58-B797-7F06B3E3126D}.iOS|x86.ActiveCfg = Release|x86
		{4EEC9898-485E-4A58-B797-7F06B3E3126D}.iOS|x86.Build.0 = Release|x86
		{4EEC9898-485E-4A58-B797-7F06B3E3126D}.Linux|Any CPU.ActiveCfg = Release|x86
		{4EEC9898-485E-4A58-B797-7F06B3E3126D}.Linux|Mixed Platforms.ActiveCfg = Release|x86
		{4EEC9898-485E-4A58-B797-7F06B3E3126D}.Linux|Mixed Platforms.Build.0 = Release|x86
		{4EEC9898-485E-4A58-B797-7F06B3E3126D}.Linux|x86.ActiveCfg = Release|x86
		{4EEC9898-485E-4A58-B797-7F06B3E3126D}.Linux|x86.Build.0 = Release|x86
		{4EEC9898-485E-4A58-B797-7F06B3E3126D}.OSX|Any CPU.ActiveCfg = Release|x86
		{4EEC9898-485E-4A58-B797-7F06B3E3126D}.OSX|Mixed Platforms.ActiveCfg = Release|x86
		{4EEC9898-485E-4A58-B797-7F06B3E3126D}.OSX|Mixed Platforms.Build.0 = Release|x86
		{4EEC9898-485E-4A58-B797-7F06B3E3126D}.OSX|x86.ActiveCfg = Release|x86
		{4EEC9898-485E-4A58-B797-7F06B3E3126D}.OSX|x86.Build.0 = Release|x86
		{4EEC9898-485E-4A58-B797-7F06B3E3126D}.PSM|Any CPU.ActiveCfg = Release|x86
		{4EEC9898-485E-4A58-B797-7F06B3E3126D}.PSM|Mixed Platforms.ActiveCfg = Release|x86
		{4EEC9898-485E-4A58-B797-7F06B3E3126D}.PSM|Mixed Platforms.Build.0 = Release|x86
		{4EEC9898-485E-4A58-B797-7F06B3E3126D}.PSM|x86.ActiveCfg = Release|x86
		{4EEC9898-485E-4A58-B797-7F06B3E3126D}.PSM|x86.Build.0 = Release|x86
		{4EEC9898-485E-4A58-B797-7F06B3E3126D}.Release|Any CPU.ActiveCfg = Release|x86
		{4EEC9898-485E-4A58-B797-7F06B3E3126D}.Release|Mixed Platforms.ActiveCfg = Release|x86
		{4EEC9898-485E-4A58-B797-7F06B3E3126D}.Release|Mixed Platforms.Build.0 = Release|x86
		{4EEC9898-485E-4A58-B797-7F06B3E3126D}.Release|x86.ActiveCfg = Release|x86
		{4EEC9898-485E-4A58-B797-7F06B3E3126D}.Release|x86.Build.0 = Release|x86
		{4EEC9898-485E-4A58-B797-7F06B3E3126D}.Windows|Any CPU.ActiveCfg = Release|x86
		{4EEC9898-485E-4A58-B797-7F06B3E3126D}.Windows|Mixed Platforms.ActiveCfg = Release|x86
		{4EEC9898-485E-4A58-B797-7F06B3E3126D}.Windows|Mixed Platforms.Build.0 = Release|x86
		{4EEC9898-485E-4A58-B797-7F06B3E3126D}.Windows|x86.ActiveCfg = Release|x86
		{4EEC9898-485E-4A58-B797-7F06B3E3126D}.Windows|x86.Build.0 = Release|x86
		{4EEC9898-485E-4A58-B797-7F06B3E3126D}.Windows8|Any CPU.ActiveCfg = Release|x86
		{4EEC9898-485E-4A58-B797-7F06B3E3126D}.Windows8|Mixed Platforms.ActiveCfg = Release|x86
		{4EEC9898-485E-4A58-B797-7F06B3E3126D}.Windows8|Mixed Platforms.Build.0 = Release|x86
		{4EEC9898-485E-4A58-B797-7F06B3E3126D}.Windows8|x86.ActiveCfg = Release|x86
		{4EEC9898-485E-4A58-B797-7F06B3E3126D}.Windows8|x86.Build.0 = Release|x86
	EndGlobalSection
	GlobalSection(SolutionProperties) = preSolution
		HideSolutionNode = FALSE
	EndGlobalSection
EndGlobal
