
Microsoft Visual Studio Solution File, Format Version 12.00
# Visual Studio 2012
Project("{FAE04EC0-301F-11D3-BF4B-00C04F79EFBC}") = "CrossPlat-Demo", "CrossPlat-Demo2\CrossPlat-Demo\CrossPlat-Demo.csproj", "{737814E6-426A-4C7B-BFA0-23D7A35AC8A3}"
EndProject
Project("{FAE04EC0-301F-11D3-BF4B-00C04F79EFBC}") = "CrossPlat-DemoContent", "CrossPlat-Demo2\CrossPlat-DemoContent\CrossPlat-DemoContent.contentproj", "{9383C868-C370-4471-8A34-BC974FC7D280}"
EndProject
Project("{FAE04EC0-301F-11D3-BF4B-00C04F79EFBC}") = "Lightning.Engine.Windows", "CrossPlat-Demo2\Lightning.Engine\Lightning.Engine.Windows.csproj", "{DF0F28C7-5BA8-4175-985E-721955BE86E6}"
EndProject
Project("{FAE04EC0-301F-11D3-BF4B-00C04F79EFBC}") = "WindowsGL-Game", "CrossPlat-Demo2\WindowsGL-Game\WindowsGL-Game.csproj", "{4EEC9898-485E-4A58-B797-7F06B3E3126D}"
EndProject
Project("{FAE04EC0-301F-11D3-BF4B-00C04F79EFBC}") = "Lightning.Engine.Windows8", "CrossPlat-Demo2\Lightning.Engine\Lightning.Engine.Windows8.csproj", "{BFC350F5-38EC-40AD-8CC2-1DA5C4314C38}"
EndProject
Project("{FAE04EC0-301F-11D3-BF4B-00C04F79EFBC}") = "Windows8-Game", "CrossPlat-Demo2\Windows8-Game\Windows8-Game.csproj", "{20CB972C-8F7B-4DD5-BA29-9D1B1F188315}"
EndProject
Project("{FAE04EC0-301F-11D3-BF4B-00C04F79EFBC}") = "Lightning.Engine.WindowsPhone", "CrossPlat-Demo2\Lightning.Engine\Lightning.Engine.WindowsPhone.csproj", "{15BC135A-693A-4DD7-990B-E97BF7AB4606}"
EndProject
Project("{FAE04EC0-301F-11D3-BF4B-00C04F79EFBC}") = "WindowsPhone-Game", "CrossPlat-Demo2\WindowsPhone-Game\WindowsPhone-Game.csproj", "{94F54D70-0A8F-4873-B5B1-9260C9020A21}"
EndProject
Global
	GlobalSection(SolutionConfigurationPlatforms) = preSolution
		Android|Any CPU = Android|Any CPU
		Android|ARM = Android|ARM
		Android|Mixed Platforms = Android|Mixed Platforms
		Android|x64 = Android|x64
		Android|x86 = Android|x86
		Debug|Any CPU = Debug|Any CPU
		Debug|ARM = Debug|ARM
		Debug|Mixed Platforms = Debug|Mixed Platforms
		Debug|x64 = Debug|x64
		Debug|x86 = Debug|x86
		iOS|Any CPU = iOS|Any CPU
		iOS|ARM = iOS|ARM
		iOS|Mixed Platforms = iOS|Mixed Platforms
		iOS|x64 = iOS|x64
		iOS|x86 = iOS|x86
		Linux|Any CPU = Linux|Any CPU
		Linux|ARM = Linux|ARM
		Linux|Mixed Platforms = Linux|Mixed Platforms
		Linux|x64 = Linux|x64
		Linux|x86 = Linux|x86
		OSX|Any CPU = OSX|Any CPU
		OSX|ARM = OSX|ARM
		OSX|Mixed Platforms = OSX|Mixed Platforms
		OSX|x64 = OSX|x64
		OSX|x86 = OSX|x86
		PSM|Any CPU = PSM|Any CPU
		PSM|ARM = PSM|ARM
		PSM|Mixed Platforms = PSM|Mixed Platforms
		PSM|x64 = PSM|x64
		PSM|x86 = PSM|x86
		Release|Any CPU = Release|Any CPU
		Release|ARM = Release|ARM
		Release|Mixed Platforms = Release|Mixed Platforms
		Release|x64 = Release|x64
		Release|x86 = Release|x86
		Windows|Any CPU = Windows|Any CPU
		Windows|ARM = Windows|ARM
		Windows|Mixed Platforms = Windows|Mixed Platforms
		Windows|x64 = Windows|x64
		Windows|x86 = Windows|x86
		Windows8|Any CPU = Windows8|Any CPU
		Windows8|ARM = Windows8|ARM
		Windows8|Mixed Platforms = Windows8|Mixed Platforms
		Windows8|x64 = Windows8|x64
		Windows8|x86 = Windows8|x86
	EndGlobalSection
	GlobalSection(ProjectConfigurationPlatforms) = postSolution
		{737814E6-426A-4C7B-BFA0-23D7A35AC8A3}.Android|Any CPU.ActiveCfg = Android|Any CPU
		{737814E6-426A-4C7B-BFA0-23D7A35AC8A3}.Android|Any CPU.Build.0 = Android|Any CPU
		{737814E6-426A-4C7B-BFA0-23D7A35AC8A3}.Android|ARM.ActiveCfg = Android|Any CPU
		{737814E6-426A-4C7B-BFA0-23D7A35AC8A3}.Android|Mixed Platforms.ActiveCfg = Android|Any CPU
		{737814E6-426A-4C7B-BFA0-23D7A35AC8A3}.Android|Mixed Platforms.Build.0 = Android|Any CPU
		{737814E6-426A-4C7B-BFA0-23D7A35AC8A3}.Android|x64.ActiveCfg = Android|Any CPU
		{737814E6-426A-4C7B-BFA0-23D7A35AC8A3}.Android|x86.ActiveCfg = Android|Any CPU
		{737814E6-426A-4C7B-BFA0-23D7A35AC8A3}.Debug|Any CPU.ActiveCfg = PSM|Any CPU
		{737814E6-426A-4C7B-BFA0-23D7A35AC8A3}.Debug|Any CPU.Build.0 = PSM|Any CPU
		{737814E6-426A-4C7B-BFA0-23D7A35AC8A3}.Debug|ARM.ActiveCfg = Windows|Any CPU
		{737814E6-426A-4C7B-BFA0-23D7A35AC8A3}.Debug|Mixed Platforms.ActiveCfg = Windows8|Any CPU
		{737814E6-426A-4C7B-BFA0-23D7A35AC8A3}.Debug|Mixed Platforms.Build.0 = Windows8|Any CPU
		{737814E6-426A-4C7B-BFA0-23D7A35AC8A3}.Debug|x64.ActiveCfg = Windows|Any CPU
		{737814E6-426A-4C7B-BFA0-23D7A35AC8A3}.Debug|x86.ActiveCfg = Windows8|Any CPU
		{737814E6-426A-4C7B-BFA0-23D7A35AC8A3}.iOS|Any CPU.ActiveCfg = iOS|Any CPU
		{737814E6-426A-4C7B-BFA0-23D7A35AC8A3}.iOS|Any CPU.Build.0 = iOS|Any CPU
		{737814E6-426A-4C7B-BFA0-23D7A35AC8A3}.iOS|ARM.ActiveCfg = iOS|Any CPU
		{737814E6-426A-4C7B-BFA0-23D7A35AC8A3}.iOS|Mixed Platforms.ActiveCfg = iOS|Any CPU
		{737814E6-426A-4C7B-BFA0-23D7A35AC8A3}.iOS|Mixed Platforms.Build.0 = iOS|Any CPU
		{737814E6-426A-4C7B-BFA0-23D7A35AC8A3}.iOS|x64.ActiveCfg = iOS|Any CPU
		{737814E6-426A-4C7B-BFA0-23D7A35AC8A3}.iOS|x86.ActiveCfg = iOS|Any CPU
		{737814E6-426A-4C7B-BFA0-23D7A35AC8A3}.Linux|Any CPU.ActiveCfg = Linux|Any CPU
		{737814E6-426A-4C7B-BFA0-23D7A35AC8A3}.Linux|Any CPU.Build.0 = Linux|Any CPU
		{737814E6-426A-4C7B-BFA0-23D7A35AC8A3}.Linux|ARM.ActiveCfg = Linux|Any CPU
		{737814E6-426A-4C7B-BFA0-23D7A35AC8A3}.Linux|Mixed Platforms.ActiveCfg = Linux|Any CPU
		{737814E6-426A-4C7B-BFA0-23D7A35AC8A3}.Linux|Mixed Platforms.Build.0 = Linux|Any CPU
		{737814E6-426A-4C7B-BFA0-23D7A35AC8A3}.Linux|x64.ActiveCfg = Linux|Any CPU
		{737814E6-426A-4C7B-BFA0-23D7A35AC8A3}.Linux|x86.ActiveCfg = Linux|Any CPU
		{737814E6-426A-4C7B-BFA0-23D7A35AC8A3}.OSX|Any CPU.ActiveCfg = OSX|Any CPU
		{737814E6-426A-4C7B-BFA0-23D7A35AC8A3}.OSX|Any CPU.Build.0 = OSX|Any CPU
		{737814E6-426A-4C7B-BFA0-23D7A35AC8A3}.OSX|ARM.ActiveCfg = OSX|Any CPU
		{737814E6-426A-4C7B-BFA0-23D7A35AC8A3}.OSX|Mixed Platforms.ActiveCfg = OSX|Any CPU
		{737814E6-426A-4C7B-BFA0-23D7A35AC8A3}.OSX|Mixed Platforms.Build.0 = OSX|Any CPU
		{737814E6-426A-4C7B-BFA0-23D7A35AC8A3}.OSX|x64.ActiveCfg = OSX|Any CPU
		{737814E6-426A-4C7B-BFA0-23D7A35AC8A3}.OSX|x86.ActiveCfg = OSX|Any CPU
		{737814E6-426A-4C7B-BFA0-23D7A35AC8A3}.PSM|Any CPU.ActiveCfg = PSM|Any CPU
		{737814E6-426A-4C7B-BFA0-23D7A35AC8A3}.PSM|Any CPU.Build.0 = PSM|Any CPU
		{737814E6-426A-4C7B-BFA0-23D7A35AC8A3}.PSM|ARM.ActiveCfg = PSM|Any CPU
		{737814E6-426A-4C7B-BFA0-23D7A35AC8A3}.PSM|Mixed Platforms.ActiveCfg = PSM|Any CPU
		{737814E6-426A-4C7B-BFA0-23D7A35AC8A3}.PSM|Mixed Platforms.Build.0 = PSM|Any CPU
		{737814E6-426A-4C7B-BFA0-23D7A35AC8A3}.PSM|x64.ActiveCfg = PSM|Any CPU
		{737814E6-426A-4C7B-BFA0-23D7A35AC8A3}.PSM|x86.ActiveCfg = PSM|Any CPU
		{737814E6-426A-4C7B-BFA0-23D7A35AC8A3}.Release|Any CPU.ActiveCfg = PSM|Any CPU
		{737814E6-426A-4C7B-BFA0-23D7A35AC8A3}.Release|Any CPU.Build.0 = PSM|Any CPU
		{737814E6-426A-4C7B-BFA0-23D7A35AC8A3}.Release|ARM.ActiveCfg = Windows|Any CPU
		{737814E6-426A-4C7B-BFA0-23D7A35AC8A3}.Release|Mixed Platforms.ActiveCfg = Windows8|Any CPU
		{737814E6-426A-4C7B-BFA0-23D7A35AC8A3}.Release|Mixed Platforms.Build.0 = Windows8|Any CPU
		{737814E6-426A-4C7B-BFA0-23D7A35AC8A3}.Release|x64.ActiveCfg = Windows|Any CPU
		{737814E6-426A-4C7B-BFA0-23D7A35AC8A3}.Release|x86.ActiveCfg = Windows8|Any CPU
		{737814E6-426A-4C7B-BFA0-23D7A35AC8A3}.Windows|Any CPU.ActiveCfg = Windows|Any CPU
		{737814E6-426A-4C7B-BFA0-23D7A35AC8A3}.Windows|Any CPU.Build.0 = Windows|Any CPU
		{737814E6-426A-4C7B-BFA0-23D7A35AC8A3}.Windows|ARM.ActiveCfg = Windows|Any CPU
		{737814E6-426A-4C7B-BFA0-23D7A35AC8A3}.Windows|Mixed Platforms.ActiveCfg = Windows|Any CPU
		{737814E6-426A-4C7B-BFA0-23D7A35AC8A3}.Windows|Mixed Platforms.Build.0 = Windows|Any CPU
		{737814E6-426A-4C7B-BFA0-23D7A35AC8A3}.Windows|x64.ActiveCfg = Windows|Any CPU
		{737814E6-426A-4C7B-BFA0-23D7A35AC8A3}.Windows|x86.ActiveCfg = Windows|Any CPU
		{737814E6-426A-4C7B-BFA0-23D7A35AC8A3}.Windows8|Any CPU.ActiveCfg = Windows8|Any CPU
		{737814E6-426A-4C7B-BFA0-23D7A35AC8A3}.Windows8|Any CPU.Build.0 = Windows8|Any CPU
		{737814E6-426A-4C7B-BFA0-23D7A35AC8A3}.Windows8|ARM.ActiveCfg = Windows8|Any CPU
		{737814E6-426A-4C7B-BFA0-23D7A35AC8A3}.Windows8|Mixed Platforms.ActiveCfg = Windows8|Any CPU
		{737814E6-426A-4C7B-BFA0-23D7A35AC8A3}.Windows8|Mixed Platforms.Build.0 = Windows8|Any CPU
		{737814E6-426A-4C7B-BFA0-23D7A35AC8A3}.Windows8|x64.ActiveCfg = Windows8|Any CPU
		{737814E6-426A-4C7B-BFA0-23D7A35AC8A3}.Windows8|x86.ActiveCfg = Windows8|Any CPU
		{9383C868-C370-4471-8A34-BC974FC7D280}.Android|Any CPU.ActiveCfg = Android|Any CPU
		{9383C868-C370-4471-8A34-BC974FC7D280}.Android|ARM.ActiveCfg = Android|Any CPU
		{9383C868-C370-4471-8A34-BC974FC7D280}.Android|Mixed Platforms.ActiveCfg = Android|Any CPU
		{9383C868-C370-4471-8A34-BC974FC7D280}.Android|x64.ActiveCfg = Android|Any CPU
		{9383C868-C370-4471-8A34-BC974FC7D280}.Android|x86.ActiveCfg = Android|Any CPU
		{9383C868-C370-4471-8A34-BC974FC7D280}.Debug|Any CPU.ActiveCfg = PSM|Any CPU
		{9383C868-C370-4471-8A34-BC974FC7D280}.Debug|ARM.ActiveCfg = Windows|Any CPU
		{9383C868-C370-4471-8A34-BC974FC7D280}.Debug|Mixed Platforms.ActiveCfg = Windows8|Any CPU
		{9383C868-C370-4471-8A34-BC974FC7D280}.Debug|x64.ActiveCfg = Windows|Any CPU
		{9383C868-C370-4471-8A34-BC974FC7D280}.Debug|x86.ActiveCfg = Windows8|Any CPU
		{9383C868-C370-4471-8A34-BC974FC7D280}.iOS|Any CPU.ActiveCfg = iOS|Any CPU
		{9383C868-C370-4471-8A34-BC974FC7D280}.iOS|ARM.ActiveCfg = iOS|Any CPU
		{9383C868-C370-4471-8A34-BC974FC7D280}.iOS|Mixed Platforms.ActiveCfg = iOS|Any CPU
		{9383C868-C370-4471-8A34-BC974FC7D280}.iOS|x64.ActiveCfg = iOS|Any CPU
		{9383C868-C370-4471-8A34-BC974FC7D280}.iOS|x86.ActiveCfg = iOS|Any CPU
		{9383C868-C370-4471-8A34-BC974FC7D280}.Linux|Any CPU.ActiveCfg = Linux|Any CPU
		{9383C868-C370-4471-8A34-BC974FC7D280}.Linux|ARM.ActiveCfg = Linux|Any CPU
		{9383C868-C370-4471-8A34-BC974FC7D280}.Linux|Mixed Platforms.ActiveCfg = Linux|Any CPU
		{9383C868-C370-4471-8A34-BC974FC7D280}.Linux|x64.ActiveCfg = Linux|Any CPU
		{9383C868-C370-4471-8A34-BC974FC7D280}.Linux|x86.ActiveCfg = Linux|Any CPU
		{9383C868-C370-4471-8A34-BC974FC7D280}.OSX|Any CPU.ActiveCfg = OSX|Any CPU
		{9383C868-C370-4471-8A34-BC974FC7D280}.OSX|ARM.ActiveCfg = OSX|Any CPU
		{9383C868-C370-4471-8A34-BC974FC7D280}.OSX|Mixed Platforms.ActiveCfg = OSX|Any CPU
		{9383C868-C370-4471-8A34-BC974FC7D280}.OSX|x64.ActiveCfg = OSX|Any CPU
		{9383C868-C370-4471-8A34-BC974FC7D280}.OSX|x86.ActiveCfg = OSX|Any CPU
		{9383C868-C370-4471-8A34-BC974FC7D280}.PSM|Any CPU.ActiveCfg = PSM|Any CPU
		{9383C868-C370-4471-8A34-BC974FC7D280}.PSM|ARM.ActiveCfg = PSM|Any CPU
		{9383C868-C370-4471-8A34-BC974FC7D280}.PSM|Mixed Platforms.ActiveCfg = PSM|Any CPU
		{9383C868-C370-4471-8A34-BC974FC7D280}.PSM|x64.ActiveCfg = PSM|Any CPU
		{9383C868-C370-4471-8A34-BC974FC7D280}.PSM|x86.ActiveCfg = PSM|Any CPU
		{9383C868-C370-4471-8A34-BC974FC7D280}.Release|Any CPU.ActiveCfg = PSM|Any CPU
		{9383C868-C370-4471-8A34-BC974FC7D280}.Release|ARM.ActiveCfg = Windows|Any CPU
		{9383C868-C370-4471-8A34-BC974FC7D280}.Release|Mixed Platforms.ActiveCfg = Windows8|Any CPU
		{9383C868-C370-4471-8A34-BC974FC7D280}.Release|x64.ActiveCfg = Windows|Any CPU
		{9383C868-C370-4471-8A34-BC974FC7D280}.Release|x86.ActiveCfg = Windows8|Any CPU
		{9383C868-C370-4471-8A34-BC974FC7D280}.Windows|Any CPU.ActiveCfg = Windows|Any CPU
		{9383C868-C370-4471-8A34-BC974FC7D280}.Windows|ARM.ActiveCfg = Windows|Any CPU
		{9383C868-C370-4471-8A34-BC974FC7D280}.Windows|Mixed Platforms.ActiveCfg = Windows|Any CPU
		{9383C868-C370-4471-8A34-BC974FC7D280}.Windows|x64.ActiveCfg = Windows|Any CPU
		{9383C868-C370-4471-8A34-BC974FC7D280}.Windows|x86.ActiveCfg = Windows|Any CPU
		{9383C868-C370-4471-8A34-BC974FC7D280}.Windows8|Any CPU.ActiveCfg = Windows8|Any CPU
		{9383C868-C370-4471-8A34-BC974FC7D280}.Windows8|ARM.ActiveCfg = Windows8|Any CPU
		{9383C868-C370-4471-8A34-BC974FC7D280}.Windows8|Mixed Platforms.ActiveCfg = Windows8|Any CPU
		{9383C868-C370-4471-8A34-BC974FC7D280}.Windows8|x64.ActiveCfg = Windows8|Any CPU
		{9383C868-C370-4471-8A34-BC974FC7D280}.Windows8|x86.ActiveCfg = Windows8|Any CPU
		{DF0F28C7-5BA8-4175-985E-721955BE86E6}.Android|Any CPU.ActiveCfg = Release|Any CPU
		{DF0F28C7-5BA8-4175-985E-721955BE86E6}.Android|Any CPU.Build.0 = Release|Any CPU
		{DF0F28C7-5BA8-4175-985E-721955BE86E6}.Android|ARM.ActiveCfg = Debug|Any CPU
		{DF0F28C7-5BA8-4175-985E-721955BE86E6}.Android|Mixed Platforms.ActiveCfg = Debug|Any CPU
		{DF0F28C7-5BA8-4175-985E-721955BE86E6}.Android|Mixed Platforms.Build.0 = Debug|Any CPU
		{DF0F28C7-5BA8-4175-985E-721955BE86E6}.Android|x64.ActiveCfg = Debug|Any CPU
		{DF0F28C7-5BA8-4175-985E-721955BE86E6}.Android|x86.ActiveCfg = Debug|Any CPU
		{DF0F28C7-5BA8-4175-985E-721955BE86E6}.Debug|Any CPU.ActiveCfg = Debug|Any CPU
		{DF0F28C7-5BA8-4175-985E-721955BE86E6}.Debug|Any CPU.Build.0 = Debug|Any CPU
		{DF0F28C7-5BA8-4175-985E-721955BE86E6}.Debug|ARM.ActiveCfg = Debug|Any CPU
		{DF0F28C7-5BA8-4175-985E-721955BE86E6}.Debug|Mixed Platforms.ActiveCfg = Debug|Any CPU
		{DF0F28C7-5BA8-4175-985E-721955BE86E6}.Debug|Mixed Platforms.Build.0 = Debug|Any CPU
		{DF0F28C7-5BA8-4175-985E-721955BE86E6}.Debug|x64.ActiveCfg = Debug|Any CPU
		{DF0F28C7-5BA8-4175-985E-721955BE86E6}.Debug|x86.ActiveCfg = Debug|Any CPU
		{DF0F28C7-5BA8-4175-985E-721955BE86E6}.iOS|Any CPU.ActiveCfg = Release|Any CPU
		{DF0F28C7-5BA8-4175-985E-721955BE86E6}.iOS|Any CPU.Build.0 = Release|Any CPU
		{DF0F28C7-5BA8-4175-985E-721955BE86E6}.iOS|ARM.ActiveCfg = Debug|Any CPU
		{DF0F28C7-5BA8-4175-985E-721955BE86E6}.iOS|Mixed Platforms.ActiveCfg = Debug|Any CPU
		{DF0F28C7-5BA8-4175-985E-721955BE86E6}.iOS|Mixed Platforms.Build.0 = Debug|Any CPU
		{DF0F28C7-5BA8-4175-985E-721955BE86E6}.iOS|x64.ActiveCfg = Debug|Any CPU
		{DF0F28C7-5BA8-4175-985E-721955BE86E6}.iOS|x86.ActiveCfg = Debug|Any CPU
		{DF0F28C7-5BA8-4175-985E-721955BE86E6}.Linux|Any CPU.ActiveCfg = Release|Any CPU
		{DF0F28C7-5BA8-4175-985E-721955BE86E6}.Linux|Any CPU.Build.0 = Release|Any CPU
		{DF0F28C7-5BA8-4175-985E-721955BE86E6}.Linux|ARM.ActiveCfg = Debug|Any CPU
		{DF0F28C7-5BA8-4175-985E-721955BE86E6}.Linux|Mixed Platforms.ActiveCfg = Debug|Any CPU
		{DF0F28C7-5BA8-4175-985E-721955BE86E6}.Linux|Mixed Platforms.Build.0 = Debug|Any CPU
		{DF0F28C7-5BA8-4175-985E-721955BE86E6}.Linux|x64.ActiveCfg = Debug|Any CPU
		{DF0F28C7-5BA8-4175-985E-721955BE86E6}.Linux|x86.ActiveCfg = Debug|Any CPU
		{DF0F28C7-5BA8-4175-985E-721955BE86E6}.OSX|Any CPU.ActiveCfg = Release|Any CPU
		{DF0F28C7-5BA8-4175-985E-721955BE86E6}.OSX|Any CPU.Build.0 = Release|Any CPU
		{DF0F28C7-5BA8-4175-985E-721955BE86E6}.OSX|ARM.ActiveCfg = Debug|Any CPU
		{DF0F28C7-5BA8-4175-985E-721955BE86E6}.OSX|Mixed Platforms.ActiveCfg = Debug|Any CPU
		{DF0F28C7-5BA8-4175-985E-721955BE86E6}.OSX|Mixed Platforms.Build.0 = Debug|Any CPU
		{DF0F28C7-5BA8-4175-985E-721955BE86E6}.OSX|x64.ActiveCfg = Debug|Any CPU
		{DF0F28C7-5BA8-4175-985E-721955BE86E6}.OSX|x86.ActiveCfg = Debug|Any CPU
		{DF0F28C7-5BA8-4175-985E-721955BE86E6}.PSM|Any CPU.ActiveCfg = Release|Any CPU
		{DF0F28C7-5BA8-4175-985E-721955BE86E6}.PSM|Any CPU.Build.0 = Release|Any CPU
		{DF0F28C7-5BA8-4175-985E-721955BE86E6}.PSM|ARM.ActiveCfg = Debug|Any CPU
		{DF0F28C7-5BA8-4175-985E-721955BE86E6}.PSM|Mixed Platforms.ActiveCfg = Debug|Any CPU
		{DF0F28C7-5BA8-4175-985E-721955BE86E6}.PSM|Mixed Platforms.Build.0 = Debug|Any CPU
		{DF0F28C7-5BA8-4175-985E-721955BE86E6}.PSM|x64.ActiveCfg = Debug|Any CPU
		{DF0F28C7-5BA8-4175-985E-721955BE86E6}.PSM|x86.ActiveCfg = Debug|Any CPU
		{DF0F28C7-5BA8-4175-985E-721955BE86E6}.Release|Any CPU.ActiveCfg = Release|Any CPU
		{DF0F28C7-5BA8-4175-985E-721955BE86E6}.Release|Any CPU.Build.0 = Release|Any CPU
		{DF0F28C7-5BA8-4175-985E-721955BE86E6}.Release|ARM.ActiveCfg = Release|Any CPU
		{DF0F28C7-5BA8-4175-985E-721955BE86E6}.Release|Mixed Platforms.ActiveCfg = Release|Any CPU
		{DF0F28C7-5BA8-4175-985E-721955BE86E6}.Release|Mixed Platforms.Build.0 = Release|Any CPU
		{DF0F28C7-5BA8-4175-985E-721955BE86E6}.Release|x64.ActiveCfg = Release|Any CPU
		{DF0F28C7-5BA8-4175-985E-721955BE86E6}.Release|x86.ActiveCfg = Release|Any CPU
		{DF0F28C7-5BA8-4175-985E-721955BE86E6}.Windows|Any CPU.ActiveCfg = Release|Any CPU
		{DF0F28C7-5BA8-4175-985E-721955BE86E6}.Windows|Any CPU.Build.0 = Release|Any CPU
		{DF0F28C7-5BA8-4175-985E-721955BE86E6}.Windows|ARM.ActiveCfg = Debug|Any CPU
		{DF0F28C7-5BA8-4175-985E-721955BE86E6}.Windows|Mixed Platforms.ActiveCfg = Debug|Any CPU
		{DF0F28C7-5BA8-4175-985E-721955BE86E6}.Windows|Mixed Platforms.Build.0 = Debug|Any CPU
		{DF0F28C7-5BA8-4175-985E-721955BE86E6}.Windows|x64.ActiveCfg = Debug|Any CPU
		{DF0F28C7-5BA8-4175-985E-721955BE86E6}.Windows|x86.ActiveCfg = Debug|Any CPU
		{DF0F28C7-5BA8-4175-985E-721955BE86E6}.Windows8|Any CPU.ActiveCfg = Release|Any CPU
		{DF0F28C7-5BA8-4175-985E-721955BE86E6}.Windows8|Any CPU.Build.0 = Release|Any CPU
		{DF0F28C7-5BA8-4175-985E-721955BE86E6}.Windows8|ARM.ActiveCfg = Debug|Any CPU
		{DF0F28C7-5BA8-4175-985E-721955BE86E6}.Windows8|Mixed Platforms.ActiveCfg = Debug|Any CPU
		{DF0F28C7-5BA8-4175-985E-721955BE86E6}.Windows8|Mixed Platforms.Build.0 = Debug|Any CPU
		{DF0F28C7-5BA8-4175-985E-721955BE86E6}.Windows8|x64.ActiveCfg = Debug|Any CPU
		{DF0F28C7-5BA8-4175-985E-721955BE86E6}.Windows8|x86.ActiveCfg = Debug|Any CPU
		{4EEC9898-485E-4A58-B797-7F06B3E3126D}.Android|Any CPU.ActiveCfg = Release|x86
		{4EEC9898-485E-4A58-B797-7F06B3E3126D}.Android|ARM.ActiveCfg = Debug|x86
		{4EEC9898-485E-4A58-B797-7F06B3E3126D}.Android|Mixed Platforms.ActiveCfg = Release|x86
		{4EEC9898-485E-4A58-B797-7F06B3E3126D}.Android|Mixed Platforms.Build.0 = Release|x86
		{4EEC9898-485E-4A58-B797-7F06B3E3126D}.Android|x64.ActiveCfg = Debug|x86
		{4EEC9898-485E-4A58-B797-7F06B3E3126D}.Android|x86.ActiveCfg = Release|x86
		{4EEC9898-485E-4A58-B797-7F06B3E3126D}.Android|x86.Build.0 = Release|x86
		{4EEC9898-485E-4A58-B797-7F06B3E3126D}.Debug|Any CPU.ActiveCfg = Debug|x86
		{4EEC9898-485E-4A58-B797-7F06B3E3126D}.Debug|ARM.ActiveCfg = Debug|x86
		{4EEC9898-485E-4A58-B797-7F06B3E3126D}.Debug|Mixed Platforms.ActiveCfg = Debug|x86
		{4EEC9898-485E-4A58-B797-7F06B3E3126D}.Debug|Mixed Platforms.Build.0 = Debug|x86
		{4EEC9898-485E-4A58-B797-7F06B3E3126D}.Debug|x64.ActiveCfg = Debug|x86
		{4EEC9898-485E-4A58-B797-7F06B3E3126D}.Debug|x86.ActiveCfg = Debug|x86
		{4EEC9898-485E-4A58-B797-7F06B3E3126D}.Debug|x86.Build.0 = Debug|x86
		{4EEC9898-485E-4A58-B797-7F06B3E3126D}.iOS|Any CPU.ActiveCfg = Release|x86
		{4EEC9898-485E-4A58-B797-7F06B3E3126D}.iOS|ARM.ActiveCfg = Debug|x86
		{4EEC9898-485E-4A58-B797-7F06B3E3126D}.iOS|Mixed Platforms.ActiveCfg = Release|x86
		{4EEC9898-485E-4A58-B797-7F06B3E3126D}.iOS|Mixed Platforms.Build.0 = Release|x86
		{4EEC9898-485E-4A58-B797-7F06B3E3126D}.iOS|x64.ActiveCfg = Debug|x86
		{4EEC9898-485E-4A58-B797-7F06B3E3126D}.iOS|x86.ActiveCfg = Release|x86
		{4EEC9898-485E-4A58-B797-7F06B3E3126D}.iOS|x86.Build.0 = Release|x86
		{4EEC9898-485E-4A58-B797-7F06B3E3126D}.Linux|Any CPU.ActiveCfg = Release|x86
		{4EEC9898-485E-4A58-B797-7F06B3E3126D}.Linux|ARM.ActiveCfg = Debug|x86
		{4EEC9898-485E-4A58-B797-7F06B3E3126D}.Linux|Mixed Platforms.ActiveCfg = Release|x86
		{4EEC9898-485E-4A58-B797-7F06B3E3126D}.Linux|Mixed Platforms.Build.0 = Release|x86
		{4EEC9898-485E-4A58-B797-7F06B3E3126D}.Linux|x64.ActiveCfg = Debug|x86
		{4EEC9898-485E-4A58-B797-7F06B3E3126D}.Linux|x86.ActiveCfg = Release|x86
		{4EEC9898-485E-4A58-B797-7F06B3E3126D}.Linux|x86.Build.0 = Release|x86
		{4EEC9898-485E-4A58-B797-7F06B3E3126D}.OSX|Any CPU.ActiveCfg = Release|x86
		{4EEC9898-485E-4A58-B797-7F06B3E3126D}.OSX|ARM.ActiveCfg = Debug|x86
		{4EEC9898-485E-4A58-B797-7F06B3E3126D}.OSX|Mixed Platforms.ActiveCfg = Release|x86
		{4EEC9898-485E-4A58-B797-7F06B3E3126D}.OSX|Mixed Platforms.Build.0 = Release|x86
		{4EEC9898-485E-4A58-B797-7F06B3E3126D}.OSX|x64.ActiveCfg = Debug|x86
		{4EEC9898-485E-4A58-B797-7F06B3E3126D}.OSX|x86.ActiveCfg = Release|x86
		{4EEC9898-485E-4A58-B797-7F06B3E3126D}.OSX|x86.Build.0 = Release|x86
		{4EEC9898-485E-4A58-B797-7F06B3E3126D}.PSM|Any CPU.ActiveCfg = Release|x86
		{4EEC9898-485E-4A58-B797-7F06B3E3126D}.PSM|ARM.ActiveCfg = Debug|x86
		{4EEC9898-485E-4A58-B797-7F06B3E3126D}.PSM|Mixed Platforms.ActiveCfg = Release|x86
		{4EEC9898-485E-4A58-B797-7F06B3E3126D}.PSM|Mixed Platforms.Build.0 = Release|x86
		{4EEC9898-485E-4A58-B797-7F06B3E3126D}.PSM|x64.ActiveCfg = Debug|x86
		{4EEC9898-485E-4A58-B797-7F06B3E3126D}.PSM|x86.ActiveCfg = Release|x86
		{4EEC9898-485E-4A58-B797-7F06B3E3126D}.PSM|x86.Build.0 = Release|x86
		{4EEC9898-485E-4A58-B797-7F06B3E3126D}.Release|Any CPU.ActiveCfg = Release|x86
		{4EEC9898-485E-4A58-B797-7F06B3E3126D}.Release|ARM.ActiveCfg = Release|x86
		{4EEC9898-485E-4A58-B797-7F06B3E3126D}.Release|Mixed Platforms.ActiveCfg = Release|x86
		{4EEC9898-485E-4A58-B797-7F06B3E3126D}.Release|Mixed Platforms.Build.0 = Release|x86
		{4EEC9898-485E-4A58-B797-7F06B3E3126D}.Release|x64.ActiveCfg = Release|x86
		{4EEC9898-485E-4A58-B797-7F06B3E3126D}.Release|x86.ActiveCfg = Release|x86
		{4EEC9898-485E-4A58-B797-7F06B3E3126D}.Release|x86.Build.0 = Release|x86
		{4EEC9898-485E-4A58-B797-7F06B3E3126D}.Windows|Any CPU.ActiveCfg = Release|x86
		{4EEC9898-485E-4A58-B797-7F06B3E3126D}.Windows|ARM.ActiveCfg = Debug|x86
		{4EEC9898-485E-4A58-B797-7F06B3E3126D}.Windows|Mixed Platforms.ActiveCfg = Release|x86
		{4EEC9898-485E-4A58-B797-7F06B3E3126D}.Windows|Mixed Platforms.Build.0 = Release|x86
		{4EEC9898-485E-4A58-B797-7F06B3E3126D}.Windows|x64.ActiveCfg = Debug|x86
		{4EEC9898-485E-4A58-B797-7F06B3E3126D}.Windows|x86.ActiveCfg = Release|x86
		{4EEC9898-485E-4A58-B797-7F06B3E3126D}.Windows|x86.Build.0 = Release|x86
		{4EEC9898-485E-4A58-B797-7F06B3E3126D}.Windows8|Any CPU.ActiveCfg = Release|x86
		{4EEC9898-485E-4A58-B797-7F06B3E3126D}.Windows8|ARM.ActiveCfg = Debug|x86
		{4EEC9898-485E-4A58-B797-7F06B3E3126D}.Windows8|Mixed Platforms.ActiveCfg = Release|x86
		{4EEC9898-485E-4A58-B797-7F06B3E3126D}.Windows8|Mixed Platforms.Build.0 = Release|x86
		{4EEC9898-485E-4A58-B797-7F06B3E3126D}.Windows8|x64.ActiveCfg = Debug|x86
		{4EEC9898-485E-4A58-B797-7F06B3E3126D}.Windows8|x86.ActiveCfg = Release|x86
		{4EEC9898-485E-4A58-B797-7F06B3E3126D}.Windows8|x86.Build.0 = Release|x86
		{BFC350F5-38EC-40AD-8CC2-1DA5C4314C38}.Android|Any CPU.ActiveCfg = Release|Any CPU
		{BFC350F5-38EC-40AD-8CC2-1DA5C4314C38}.Android|Any CPU.Build.0 = Release|Any CPU
		{BFC350F5-38EC-40AD-8CC2-1DA5C4314C38}.Android|ARM.ActiveCfg = Release|ARM
		{BFC350F5-38EC-40AD-8CC2-1DA5C4314C38}.Android|ARM.Build.0 = Release|ARM
		{BFC350F5-38EC-40AD-8CC2-1DA5C4314C38}.Android|Mixed Platforms.ActiveCfg = Release|x86
		{BFC350F5-38EC-40AD-8CC2-1DA5C4314C38}.Android|Mixed Platforms.Build.0 = Release|x86
		{BFC350F5-38EC-40AD-8CC2-1DA5C4314C38}.Android|x64.ActiveCfg = Release|x64
		{BFC350F5-38EC-40AD-8CC2-1DA5C4314C38}.Android|x64.Build.0 = Release|x64
		{BFC350F5-38EC-40AD-8CC2-1DA5C4314C38}.Android|x86.ActiveCfg = Release|x86
		{BFC350F5-38EC-40AD-8CC2-1DA5C4314C38}.Android|x86.Build.0 = Release|x86
		{BFC350F5-38EC-40AD-8CC2-1DA5C4314C38}.Debug|Any CPU.ActiveCfg = Debug|Any CPU
		{BFC350F5-38EC-40AD-8CC2-1DA5C4314C38}.Debug|Any CPU.Build.0 = Debug|Any CPU
		{BFC350F5-38EC-40AD-8CC2-1DA5C4314C38}.Debug|ARM.ActiveCfg = Debug|ARM
		{BFC350F5-38EC-40AD-8CC2-1DA5C4314C38}.Debug|ARM.Build.0 = Debug|ARM
		{BFC350F5-38EC-40AD-8CC2-1DA5C4314C38}.Debug|Mixed Platforms.ActiveCfg = Debug|x86
		{BFC350F5-38EC-40AD-8CC2-1DA5C4314C38}.Debug|Mixed Platforms.Build.0 = Debug|x86
		{BFC350F5-38EC-40AD-8CC2-1DA5C4314C38}.Debug|x64.ActiveCfg = Debug|x64
		{BFC350F5-38EC-40AD-8CC2-1DA5C4314C38}.Debug|x64.Build.0 = Debug|x64
		{BFC350F5-38EC-40AD-8CC2-1DA5C4314C38}.Debug|x86.ActiveCfg = Debug|x86
		{BFC350F5-38EC-40AD-8CC2-1DA5C4314C38}.Debug|x86.Build.0 = Debug|x86
		{BFC350F5-38EC-40AD-8CC2-1DA5C4314C38}.iOS|Any CPU.ActiveCfg = Release|Any CPU
		{BFC350F5-38EC-40AD-8CC2-1DA5C4314C38}.iOS|Any CPU.Build.0 = Release|Any CPU
		{BFC350F5-38EC-40AD-8CC2-1DA5C4314C38}.iOS|ARM.ActiveCfg = Release|ARM
		{BFC350F5-38EC-40AD-8CC2-1DA5C4314C38}.iOS|ARM.Build.0 = Release|ARM
		{BFC350F5-38EC-40AD-8CC2-1DA5C4314C38}.iOS|Mixed Platforms.ActiveCfg = Release|x86
		{BFC350F5-38EC-40AD-8CC2-1DA5C4314C38}.iOS|Mixed Platforms.Build.0 = Release|x86
		{BFC350F5-38EC-40AD-8CC2-1DA5C4314C38}.iOS|x64.ActiveCfg = Release|x64
		{BFC350F5-38EC-40AD-8CC2-1DA5C4314C38}.iOS|x64.Build.0 = Release|x64
		{BFC350F5-38EC-40AD-8CC2-1DA5C4314C38}.iOS|x86.ActiveCfg = Release|x86
		{BFC350F5-38EC-40AD-8CC2-1DA5C4314C38}.iOS|x86.Build.0 = Release|x86
		{BFC350F5-38EC-40AD-8CC2-1DA5C4314C38}.Linux|Any CPU.ActiveCfg = Release|Any CPU
		{BFC350F5-38EC-40AD-8CC2-1DA5C4314C38}.Linux|Any CPU.Build.0 = Release|Any CPU
		{BFC350F5-38EC-40AD-8CC2-1DA5C4314C38}.Linux|ARM.ActiveCfg = Release|ARM
		{BFC350F5-38EC-40AD-8CC2-1DA5C4314C38}.Linux|ARM.Build.0 = Release|ARM
		{BFC350F5-38EC-40AD-8CC2-1DA5C4314C38}.Linux|Mixed Platforms.ActiveCfg = Release|x86
		{BFC350F5-38EC-40AD-8CC2-1DA5C4314C38}.Linux|Mixed Platforms.Build.0 = Release|x86
		{BFC350F5-38EC-40AD-8CC2-1DA5C4314C38}.Linux|x64.ActiveCfg = Release|x64
		{BFC350F5-38EC-40AD-8CC2-1DA5C4314C38}.Linux|x64.Build.0 = Release|x64
		{BFC350F5-38EC-40AD-8CC2-1DA5C4314C38}.Linux|x86.ActiveCfg = Release|x86
		{BFC350F5-38EC-40AD-8CC2-1DA5C4314C38}.Linux|x86.Build.0 = Release|x86
		{BFC350F5-38EC-40AD-8CC2-1DA5C4314C38}.OSX|Any CPU.ActiveCfg = Release|Any CPU
		{BFC350F5-38EC-40AD-8CC2-1DA5C4314C38}.OSX|Any CPU.Build.0 = Release|Any CPU
		{BFC350F5-38EC-40AD-8CC2-1DA5C4314C38}.OSX|ARM.ActiveCfg = Release|ARM
		{BFC350F5-38EC-40AD-8CC2-1DA5C4314C38}.OSX|ARM.Build.0 = Release|ARM
		{BFC350F5-38EC-40AD-8CC2-1DA5C4314C38}.OSX|Mixed Platforms.ActiveCfg = Release|x86
		{BFC350F5-38EC-40AD-8CC2-1DA5C4314C38}.OSX|Mixed Platforms.Build.0 = Release|x86
		{BFC350F5-38EC-40AD-8CC2-1DA5C4314C38}.OSX|x64.ActiveCfg = Release|x64
		{BFC350F5-38EC-40AD-8CC2-1DA5C4314C38}.OSX|x64.Build.0 = Release|x64
		{BFC350F5-38EC-40AD-8CC2-1DA5C4314C38}.OSX|x86.ActiveCfg = Release|x86
		{BFC350F5-38EC-40AD-8CC2-1DA5C4314C38}.OSX|x86.Build.0 = Release|x86
		{BFC350F5-38EC-40AD-8CC2-1DA5C4314C38}.PSM|Any CPU.ActiveCfg = Release|Any CPU
		{BFC350F5-38EC-40AD-8CC2-1DA5C4314C38}.PSM|Any CPU.Build.0 = Release|Any CPU
		{BFC350F5-38EC-40AD-8CC2-1DA5C4314C38}.PSM|ARM.ActiveCfg = Release|ARM
		{BFC350F5-38EC-40AD-8CC2-1DA5C4314C38}.PSM|ARM.Build.0 = Release|ARM
		{BFC350F5-38EC-40AD-8CC2-1DA5C4314C38}.PSM|Mixed Platforms.ActiveCfg = Release|x86
		{BFC350F5-38EC-40AD-8CC2-1DA5C4314C38}.PSM|Mixed Platforms.Build.0 = Release|x86
		{BFC350F5-38EC-40AD-8CC2-1DA5C4314C38}.PSM|x64.ActiveCfg = Release|x64
		{BFC350F5-38EC-40AD-8CC2-1DA5C4314C38}.PSM|x64.Build.0 = Release|x64
		{BFC350F5-38EC-40AD-8CC2-1DA5C4314C38}.PSM|x86.ActiveCfg = Release|x86
		{BFC350F5-38EC-40AD-8CC2-1DA5C4314C38}.PSM|x86.Build.0 = Release|x86
		{BFC350F5-38EC-40AD-8CC2-1DA5C4314C38}.Release|Any CPU.ActiveCfg = Release|Any CPU
		{BFC350F5-38EC-40AD-8CC2-1DA5C4314C38}.Release|Any CPU.Build.0 = Release|Any CPU
		{BFC350F5-38EC-40AD-8CC2-1DA5C4314C38}.Release|ARM.ActiveCfg = Release|ARM
		{BFC350F5-38EC-40AD-8CC2-1DA5C4314C38}.Release|ARM.Build.0 = Release|ARM
		{BFC350F5-38EC-40AD-8CC2-1DA5C4314C38}.Release|Mixed Platforms.ActiveCfg = Release|x86
		{BFC350F5-38EC-40AD-8CC2-1DA5C4314C38}.Release|Mixed Platforms.Build.0 = Release|x86
		{BFC350F5-38EC-40AD-8CC2-1DA5C4314C38}.Release|x64.ActiveCfg = Release|x64
		{BFC350F5-38EC-40AD-8CC2-1DA5C4314C38}.Release|x64.Build.0 = Release|x64
		{BFC350F5-38EC-40AD-8CC2-1DA5C4314C38}.Release|x86.ActiveCfg = Release|x86
		{BFC350F5-38EC-40AD-8CC2-1DA5C4314C38}.Release|x86.Build.0 = Release|x86
		{BFC350F5-38EC-40AD-8CC2-1DA5C4314C38}.Windows|Any CPU.ActiveCfg = Release|Any CPU
		{BFC350F5-38EC-40AD-8CC2-1DA5C4314C38}.Windows|Any CPU.Build.0 = Release|Any CPU
		{BFC350F5-38EC-40AD-8CC2-1DA5C4314C38}.Windows|ARM.ActiveCfg = Release|ARM
		{BFC350F5-38EC-40AD-8CC2-1DA5C4314C38}.Windows|ARM.Build.0 = Release|ARM
		{BFC350F5-38EC-40AD-8CC2-1DA5C4314C38}.Windows|Mixed Platforms.ActiveCfg = Release|x86
		{BFC350F5-38EC-40AD-8CC2-1DA5C4314C38}.Windows|Mixed Platforms.Build.0 = Release|x86
		{BFC350F5-38EC-40AD-8CC2-1DA5C4314C38}.Windows|x64.ActiveCfg = Release|x64
		{BFC350F5-38EC-40AD-8CC2-1DA5C4314C38}.Windows|x64.Build.0 = Release|x64
		{BFC350F5-38EC-40AD-8CC2-1DA5C4314C38}.Windows|x86.ActiveCfg = Release|x86
		{BFC350F5-38EC-40AD-8CC2-1DA5C4314C38}.Windows|x86.Build.0 = Release|x86
		{BFC350F5-38EC-40AD-8CC2-1DA5C4314C38}.Windows8|Any CPU.ActiveCfg = Release|Any CPU
		{BFC350F5-38EC-40AD-8CC2-1DA5C4314C38}.Windows8|Any CPU.Build.0 = Release|Any CPU
		{BFC350F5-38EC-40AD-8CC2-1DA5C4314C38}.Windows8|ARM.ActiveCfg = Release|ARM
		{BFC350F5-38EC-40AD-8CC2-1DA5C4314C38}.Windows8|ARM.Build.0 = Release|ARM
		{BFC350F5-38EC-40AD-8CC2-1DA5C4314C38}.Windows8|Mixed Platforms.ActiveCfg = Release|x86
		{BFC350F5-38EC-40AD-8CC2-1DA5C4314C38}.Windows8|Mixed Platforms.Build.0 = Release|x86
		{BFC350F5-38EC-40AD-8CC2-1DA5C4314C38}.Windows8|x64.ActiveCfg = Release|x64
		{BFC350F5-38EC-40AD-8CC2-1DA5C4314C38}.Windows8|x64.Build.0 = Release|x64
		{BFC350F5-38EC-40AD-8CC2-1DA5C4314C38}.Windows8|x86.ActiveCfg = Release|x86
		{BFC350F5-38EC-40AD-8CC2-1DA5C4314C38}.Windows8|x86.Build.0 = Release|x86
		{20CB972C-8F7B-4DD5-BA29-9D1B1F188315}.Android|Any CPU.ActiveCfg = Release|Any CPU
		{20CB972C-8F7B-4DD5-BA29-9D1B1F188315}.Android|Any CPU.Build.0 = Release|Any CPU
		{20CB972C-8F7B-4DD5-BA29-9D1B1F188315}.Android|Any CPU.Deploy.0 = Release|Any CPU
		{20CB972C-8F7B-4DD5-BA29-9D1B1F188315}.Android|ARM.ActiveCfg = Release|ARM
		{20CB972C-8F7B-4DD5-BA29-9D1B1F188315}.Android|ARM.Build.0 = Release|ARM
		{20CB972C-8F7B-4DD5-BA29-9D1B1F188315}.Android|ARM.Deploy.0 = Release|ARM
		{20CB972C-8F7B-4DD5-BA29-9D1B1F188315}.Android|Mixed Platforms.ActiveCfg = Release|x86
		{20CB972C-8F7B-4DD5-BA29-9D1B1F188315}.Android|Mixed Platforms.Build.0 = Release|x86
		{20CB972C-8F7B-4DD5-BA29-9D1B1F188315}.Android|Mixed Platforms.Deploy.0 = Release|x86
		{20CB972C-8F7B-4DD5-BA29-9D1B1F188315}.Android|x64.ActiveCfg = Release|x64
		{20CB972C-8F7B-4DD5-BA29-9D1B1F188315}.Android|x64.Build.0 = Release|x64
		{20CB972C-8F7B-4DD5-BA29-9D1B1F188315}.Android|x64.Deploy.0 = Release|x64
		{20CB972C-8F7B-4DD5-BA29-9D1B1F188315}.Android|x86.ActiveCfg = Release|x86
		{20CB972C-8F7B-4DD5-BA29-9D1B1F188315}.Android|x86.Build.0 = Release|x86
		{20CB972C-8F7B-4DD5-BA29-9D1B1F188315}.Android|x86.Deploy.0 = Release|x86
		{20CB972C-8F7B-4DD5-BA29-9D1B1F188315}.Debug|Any CPU.ActiveCfg = Debug|Any CPU
		{20CB972C-8F7B-4DD5-BA29-9D1B1F188315}.Debug|Any CPU.Build.0 = Debug|Any CPU
		{20CB972C-8F7B-4DD5-BA29-9D1B1F188315}.Debug|Any CPU.Deploy.0 = Debug|Any CPU
		{20CB972C-8F7B-4DD5-BA29-9D1B1F188315}.Debug|ARM.ActiveCfg = Debug|ARM
		{20CB972C-8F7B-4DD5-BA29-9D1B1F188315}.Debug|ARM.Build.0 = Debug|ARM
		{20CB972C-8F7B-4DD5-BA29-9D1B1F188315}.Debug|ARM.Deploy.0 = Debug|ARM
		{20CB972C-8F7B-4DD5-BA29-9D1B1F188315}.Debug|Mixed Platforms.ActiveCfg = Debug|x86
		{20CB972C-8F7B-4DD5-BA29-9D1B1F188315}.Debug|Mixed Platforms.Build.0 = Debug|x86
		{20CB972C-8F7B-4DD5-BA29-9D1B1F188315}.Debug|Mixed Platforms.Deploy.0 = Debug|x86
		{20CB972C-8F7B-4DD5-BA29-9D1B1F188315}.Debug|x64.ActiveCfg = Debug|x64
		{20CB972C-8F7B-4DD5-BA29-9D1B1F188315}.Debug|x64.Build.0 = Debug|x64
		{20CB972C-8F7B-4DD5-BA29-9D1B1F188315}.Debug|x64.Deploy.0 = Debug|x64
		{20CB972C-8F7B-4DD5-BA29-9D1B1F188315}.Debug|x86.ActiveCfg = Debug|x86
		{20CB972C-8F7B-4DD5-BA29-9D1B1F188315}.Debug|x86.Build.0 = Debug|x86
		{20CB972C-8F7B-4DD5-BA29-9D1B1F188315}.Debug|x86.Deploy.0 = Debug|x86
		{20CB972C-8F7B-4DD5-BA29-9D1B1F188315}.iOS|Any CPU.ActiveCfg = Release|Any CPU
		{20CB972C-8F7B-4DD5-BA29-9D1B1F188315}.iOS|Any CPU.Build.0 = Release|Any CPU
		{20CB972C-8F7B-4DD5-BA29-9D1B1F188315}.iOS|Any CPU.Deploy.0 = Release|Any CPU
		{20CB972C-8F7B-4DD5-BA29-9D1B1F188315}.iOS|ARM.ActiveCfg = Release|ARM
		{20CB972C-8F7B-4DD5-BA29-9D1B1F188315}.iOS|ARM.Build.0 = Release|ARM
		{20CB972C-8F7B-4DD5-BA29-9D1B1F188315}.iOS|ARM.Deploy.0 = Release|ARM
		{20CB972C-8F7B-4DD5-BA29-9D1B1F188315}.iOS|Mixed Platforms.ActiveCfg = Release|x86
		{20CB972C-8F7B-4DD5-BA29-9D1B1F188315}.iOS|Mixed Platforms.Build.0 = Release|x86
		{20CB972C-8F7B-4DD5-BA29-9D1B1F188315}.iOS|Mixed Platforms.Deploy.0 = Release|x86
		{20CB972C-8F7B-4DD5-BA29-9D1B1F188315}.iOS|x64.ActiveCfg = Release|x64
		{20CB972C-8F7B-4DD5-BA29-9D1B1F188315}.iOS|x64.Build.0 = Release|x64
		{20CB972C-8F7B-4DD5-BA29-9D1B1F188315}.iOS|x64.Deploy.0 = Release|x64
		{20CB972C-8F7B-4DD5-BA29-9D1B1F188315}.iOS|x86.ActiveCfg = Release|x86
		{20CB972C-8F7B-4DD5-BA29-9D1B1F188315}.iOS|x86.Build.0 = Release|x86
		{20CB972C-8F7B-4DD5-BA29-9D1B1F188315}.iOS|x86.Deploy.0 = Release|x86
		{20CB972C-8F7B-4DD5-BA29-9D1B1F188315}.Linux|Any CPU.ActiveCfg = Release|Any CPU
		{20CB972C-8F7B-4DD5-BA29-9D1B1F188315}.Linux|Any CPU.Build.0 = Release|Any CPU
		{20CB972C-8F7B-4DD5-BA29-9D1B1F188315}.Linux|Any CPU.Deploy.0 = Release|Any CPU
		{20CB972C-8F7B-4DD5-BA29-9D1B1F188315}.Linux|ARM.ActiveCfg = Release|ARM
		{20CB972C-8F7B-4DD5-BA29-9D1B1F188315}.Linux|ARM.Build.0 = Release|ARM
		{20CB972C-8F7B-4DD5-BA29-9D1B1F188315}.Linux|ARM.Deploy.0 = Release|ARM
		{20CB972C-8F7B-4DD5-BA29-9D1B1F188315}.Linux|Mixed Platforms.ActiveCfg = Release|x86
		{20CB972C-8F7B-4DD5-BA29-9D1B1F188315}.Linux|Mixed Platforms.Build.0 = Release|x86
		{20CB972C-8F7B-4DD5-BA29-9D1B1F188315}.Linux|Mixed Platforms.Deploy.0 = Release|x86
		{20CB972C-8F7B-4DD5-BA29-9D1B1F188315}.Linux|x64.ActiveCfg = Release|x64
		{20CB972C-8F7B-4DD5-BA29-9D1B1F188315}.Linux|x64.Build.0 = Release|x64
		{20CB972C-8F7B-4DD5-BA29-9D1B1F188315}.Linux|x64.Deploy.0 = Release|x64
		{20CB972C-8F7B-4DD5-BA29-9D1B1F188315}.Linux|x86.ActiveCfg = Release|x86
		{20CB972C-8F7B-4DD5-BA29-9D1B1F188315}.Linux|x86.Build.0 = Release|x86
		{20CB972C-8F7B-4DD5-BA29-9D1B1F188315}.Linux|x86.Deploy.0 = Release|x86
		{20CB972C-8F7B-4DD5-BA29-9D1B1F188315}.OSX|Any CPU.ActiveCfg = Release|Any CPU
		{20CB972C-8F7B-4DD5-BA29-9D1B1F188315}.OSX|Any CPU.Build.0 = Release|Any CPU
		{20CB972C-8F7B-4DD5-BA29-9D1B1F188315}.OSX|Any CPU.Deploy.0 = Release|Any CPU
		{20CB972C-8F7B-4DD5-BA29-9D1B1F188315}.OSX|ARM.ActiveCfg = Release|ARM
		{20CB972C-8F7B-4DD5-BA29-9D1B1F188315}.OSX|ARM.Build.0 = Release|ARM
		{20CB972C-8F7B-4DD5-BA29-9D1B1F188315}.OSX|ARM.Deploy.0 = Release|ARM
		{20CB972C-8F7B-4DD5-BA29-9D1B1F188315}.OSX|Mixed Platforms.ActiveCfg = Release|x86
		{20CB972C-8F7B-4DD5-BA29-9D1B1F188315}.OSX|Mixed Platforms.Build.0 = Release|x86
		{20CB972C-8F7B-4DD5-BA29-9D1B1F188315}.OSX|Mixed Platforms.Deploy.0 = Release|x86
		{20CB972C-8F7B-4DD5-BA29-9D1B1F188315}.OSX|x64.ActiveCfg = Release|x64
		{20CB972C-8F7B-4DD5-BA29-9D1B1F188315}.OSX|x64.Build.0 = Release|x64
		{20CB972C-8F7B-4DD5-BA29-9D1B1F188315}.OSX|x64.Deploy.0 = Release|x64
		{20CB972C-8F7B-4DD5-BA29-9D1B1F188315}.OSX|x86.ActiveCfg = Release|x86
		{20CB972C-8F7B-4DD5-BA29-9D1B1F188315}.OSX|x86.Build.0 = Release|x86
		{20CB972C-8F7B-4DD5-BA29-9D1B1F188315}.OSX|x86.Deploy.0 = Release|x86
		{20CB972C-8F7B-4DD5-BA29-9D1B1F188315}.PSM|Any CPU.ActiveCfg = Release|Any CPU
		{20CB972C-8F7B-4DD5-BA29-9D1B1F188315}.PSM|Any CPU.Build.0 = Release|Any CPU
		{20CB972C-8F7B-4DD5-BA29-9D1B1F188315}.PSM|Any CPU.Deploy.0 = Release|Any CPU
		{20CB972C-8F7B-4DD5-BA29-9D1B1F188315}.PSM|ARM.ActiveCfg = Release|ARM
		{20CB972C-8F7B-4DD5-BA29-9D1B1F188315}.PSM|ARM.Build.0 = Release|ARM
		{20CB972C-8F7B-4DD5-BA29-9D1B1F188315}.PSM|ARM.Deploy.0 = Release|ARM
		{20CB972C-8F7B-4DD5-BA29-9D1B1F188315}.PSM|Mixed Platforms.ActiveCfg = Release|x86
		{20CB972C-8F7B-4DD5-BA29-9D1B1F188315}.PSM|Mixed Platforms.Build.0 = Release|x86
		{20CB972C-8F7B-4DD5-BA29-9D1B1F188315}.PSM|Mixed Platforms.Deploy.0 = Release|x86
		{20CB972C-8F7B-4DD5-BA29-9D1B1F188315}.PSM|x64.ActiveCfg = Release|x64
		{20CB972C-8F7B-4DD5-BA29-9D1B1F188315}.PSM|x64.Build.0 = Release|x64
		{20CB972C-8F7B-4DD5-BA29-9D1B1F188315}.PSM|x64.Deploy.0 = Release|x64
		{20CB972C-8F7B-4DD5-BA29-9D1B1F188315}.PSM|x86.ActiveCfg = Release|x86
		{20CB972C-8F7B-4DD5-BA29-9D1B1F188315}.PSM|x86.Build.0 = Release|x86
		{20CB972C-8F7B-4DD5-BA29-9D1B1F188315}.PSM|x86.Deploy.0 = Release|x86
		{20CB972C-8F7B-4DD5-BA29-9D1B1F188315}.Release|Any CPU.ActiveCfg = Release|Any CPU
		{20CB972C-8F7B-4DD5-BA29-9D1B1F188315}.Release|Any CPU.Build.0 = Release|Any CPU
		{20CB972C-8F7B-4DD5-BA29-9D1B1F188315}.Release|Any CPU.Deploy.0 = Release|Any CPU
		{20CB972C-8F7B-4DD5-BA29-9D1B1F188315}.Release|ARM.ActiveCfg = Release|ARM
		{20CB972C-8F7B-4DD5-BA29-9D1B1F188315}.Release|ARM.Build.0 = Release|ARM
		{20CB972C-8F7B-4DD5-BA29-9D1B1F188315}.Release|ARM.Deploy.0 = Release|ARM
		{20CB972C-8F7B-4DD5-BA29-9D1B1F188315}.Release|Mixed Platforms.ActiveCfg = Release|x86
		{20CB972C-8F7B-4DD5-BA29-9D1B1F188315}.Release|Mixed Platforms.Build.0 = Release|x86
		{20CB972C-8F7B-4DD5-BA29-9D1B1F188315}.Release|Mixed Platforms.Deploy.0 = Release|x86
		{20CB972C-8F7B-4DD5-BA29-9D1B1F188315}.Release|x64.ActiveCfg = Release|x64
		{20CB972C-8F7B-4DD5-BA29-9D1B1F188315}.Release|x64.Build.0 = Release|x64
		{20CB972C-8F7B-4DD5-BA29-9D1B1F188315}.Release|x64.Deploy.0 = Release|x64
		{20CB972C-8F7B-4DD5-BA29-9D1B1F188315}.Release|x86.ActiveCfg = Release|x86
		{20CB972C-8F7B-4DD5-BA29-9D1B1F188315}.Release|x86.Build.0 = Release|x86
		{20CB972C-8F7B-4DD5-BA29-9D1B1F188315}.Release|x86.Deploy.0 = Release|x86
		{20CB972C-8F7B-4DD5-BA29-9D1B1F188315}.Windows|Any CPU.ActiveCfg = Release|Any CPU
		{20CB972C-8F7B-4DD5-BA29-9D1B1F188315}.Windows|Any CPU.Build.0 = Release|Any CPU
		{20CB972C-8F7B-4DD5-BA29-9D1B1F188315}.Windows|Any CPU.Deploy.0 = Release|Any CPU
		{20CB972C-8F7B-4DD5-BA29-9D1B1F188315}.Windows|ARM.ActiveCfg = Release|ARM
		{20CB972C-8F7B-4DD5-BA29-9D1B1F188315}.Windows|ARM.Build.0 = Release|ARM
		{20CB972C-8F7B-4DD5-BA29-9D1B1F188315}.Windows|ARM.Deploy.0 = Release|ARM
		{20CB972C-8F7B-4DD5-BA29-9D1B1F188315}.Windows|Mixed Platforms.ActiveCfg = Release|x86
		{20CB972C-8F7B-4DD5-BA29-9D1B1F188315}.Windows|Mixed Platforms.Build.0 = Release|x86
		{20CB972C-8F7B-4DD5-BA29-9D1B1F188315}.Windows|Mixed Platforms.Deploy.0 = Release|x86
		{20CB972C-8F7B-4DD5-BA29-9D1B1F188315}.Windows|x64.ActiveCfg = Release|x64
		{20CB972C-8F7B-4DD5-BA29-9D1B1F188315}.Windows|x64.Build.0 = Release|x64
		{20CB972C-8F7B-4DD5-BA29-9D1B1F188315}.Windows|x64.Deploy.0 = Release|x64
		{20CB972C-8F7B-4DD5-BA29-9D1B1F188315}.Windows|x86.ActiveCfg = Release|x86
		{20CB972C-8F7B-4DD5-BA29-9D1B1F188315}.Windows|x86.Build.0 = Release|x86
		{20CB972C-8F7B-4DD5-BA29-9D1B1F188315}.Windows|x86.Deploy.0 = Release|x86
		{20CB972C-8F7B-4DD5-BA29-9D1B1F188315}.Windows8|Any CPU.ActiveCfg = Release|Any CPU
		{20CB972C-8F7B-4DD5-BA29-9D1B1F188315}.Windows8|Any CPU.Build.0 = Release|Any CPU
		{20CB972C-8F7B-4DD5-BA29-9D1B1F188315}.Windows8|Any CPU.Deploy.0 = Release|Any CPU
		{20CB972C-8F7B-4DD5-BA29-9D1B1F188315}.Windows8|ARM.ActiveCfg = Release|ARM
		{20CB972C-8F7B-4DD5-BA29-9D1B1F188315}.Windows8|ARM.Build.0 = Release|ARM
		{20CB972C-8F7B-4DD5-BA29-9D1B1F188315}.Windows8|ARM.Deploy.0 = Release|ARM
		{20CB972C-8F7B-4DD5-BA29-9D1B1F188315}.Windows8|Mixed Platforms.ActiveCfg = Release|x86
		{20CB972C-8F7B-4DD5-BA29-9D1B1F188315}.Windows8|Mixed Platforms.Build.0 = Release|x86
		{20CB972C-8F7B-4DD5-BA29-9D1B1F188315}.Windows8|Mixed Platforms.Deploy.0 = Release|x86
		{20CB972C-8F7B-4DD5-BA29-9D1B1F188315}.Windows8|x64.ActiveCfg = Release|x64
		{20CB972C-8F7B-4DD5-BA29-9D1B1F188315}.Windows8|x64.Build.0 = Release|x64
		{20CB972C-8F7B-4DD5-BA29-9D1B1F188315}.Windows8|x64.Deploy.0 = Release|x64
		{20CB972C-8F7B-4DD5-BA29-9D1B1F188315}.Windows8|x86.ActiveCfg = Release|x86
		{20CB972C-8F7B-4DD5-BA29-9D1B1F188315}.Windows8|x86.Build.0 = Release|x86
		{20CB972C-8F7B-4DD5-BA29-9D1B1F188315}.Windows8|x86.Deploy.0 = Release|x86
		{15BC135A-693A-4DD7-990B-E97BF7AB4606}.Android|Any CPU.ActiveCfg = Release|Any CPU
		{15BC135A-693A-4DD7-990B-E97BF7AB4606}.Android|Any CPU.Build.0 = Release|Any CPU
		{15BC135A-693A-4DD7-990B-E97BF7AB4606}.Android|ARM.ActiveCfg = Release|ARM
		{15BC135A-693A-4DD7-990B-E97BF7AB4606}.Android|ARM.Build.0 = Release|ARM
		{15BC135A-693A-4DD7-990B-E97BF7AB4606}.Android|Mixed Platforms.ActiveCfg = Release|x86
		{15BC135A-693A-4DD7-990B-E97BF7AB4606}.Android|Mixed Platforms.Build.0 = Release|x86
		{15BC135A-693A-4DD7-990B-E97BF7AB4606}.Android|x64.ActiveCfg = Release|Any CPU
		{15BC135A-693A-4DD7-990B-E97BF7AB4606}.Android|x86.ActiveCfg = Release|x86
		{15BC135A-693A-4DD7-990B-E97BF7AB4606}.Android|x86.Build.0 = Release|x86
		{15BC135A-693A-4DD7-990B-E97BF7AB4606}.Debug|Any CPU.ActiveCfg = Debug|Any CPU
		{15BC135A-693A-4DD7-990B-E97BF7AB4606}.Debug|Any CPU.Build.0 = Debug|Any CPU
		{15BC135A-693A-4DD7-990B-E97BF7AB4606}.Debug|ARM.ActiveCfg = Debug|ARM
		{15BC135A-693A-4DD7-990B-E97BF7AB4606}.Debug|ARM.Build.0 = Debug|ARM
		{15BC135A-693A-4DD7-990B-E97BF7AB4606}.Debug|Mixed Platforms.ActiveCfg = Debug|x86
		{15BC135A-693A-4DD7-990B-E97BF7AB4606}.Debug|Mixed Platforms.Build.0 = Debug|x86
		{15BC135A-693A-4DD7-990B-E97BF7AB4606}.Debug|x64.ActiveCfg = Debug|Any CPU
		{15BC135A-693A-4DD7-990B-E97BF7AB4606}.Debug|x86.ActiveCfg = Debug|x86
		{15BC135A-693A-4DD7-990B-E97BF7AB4606}.Debug|x86.Build.0 = Debug|x86
		{15BC135A-693A-4DD7-990B-E97BF7AB4606}.iOS|Any CPU.ActiveCfg = Release|Any CPU
		{15BC135A-693A-4DD7-990B-E97BF7AB4606}.iOS|Any CPU.Build.0 = Release|Any CPU
		{15BC135A-693A-4DD7-990B-E97BF7AB4606}.iOS|ARM.ActiveCfg = Release|ARM
		{15BC135A-693A-4DD7-990B-E97BF7AB4606}.iOS|ARM.Build.0 = Release|ARM
		{15BC135A-693A-4DD7-990B-E97BF7AB4606}.iOS|Mixed Platforms.ActiveCfg = Release|x86
		{15BC135A-693A-4DD7-990B-E97BF7AB4606}.iOS|Mixed Platforms.Build.0 = Release|x86
		{15BC135A-693A-4DD7-990B-E97BF7AB4606}.iOS|x64.ActiveCfg = Release|Any CPU
		{15BC135A-693A-4DD7-990B-E97BF7AB4606}.iOS|x86.ActiveCfg = Release|x86
		{15BC135A-693A-4DD7-990B-E97BF7AB4606}.iOS|x86.Build.0 = Release|x86
		{15BC135A-693A-4DD7-990B-E97BF7AB4606}.Linux|Any CPU.ActiveCfg = Release|Any CPU
		{15BC135A-693A-4DD7-990B-E97BF7AB4606}.Linux|Any CPU.Build.0 = Release|Any CPU
		{15BC135A-693A-4DD7-990B-E97BF7AB4606}.Linux|ARM.ActiveCfg = Release|ARM
		{15BC135A-693A-4DD7-990B-E97BF7AB4606}.Linux|ARM.Build.0 = Release|ARM
		{15BC135A-693A-4DD7-990B-E97BF7AB4606}.Linux|Mixed Platforms.ActiveCfg = Release|x86
		{15BC135A-693A-4DD7-990B-E97BF7AB4606}.Linux|Mixed Platforms.Build.0 = Release|x86
		{15BC135A-693A-4DD7-990B-E97BF7AB4606}.Linux|x64.ActiveCfg = Release|Any CPU
		{15BC135A-693A-4DD7-990B-E97BF7AB4606}.Linux|x86.ActiveCfg = Release|x86
		{15BC135A-693A-4DD7-990B-E97BF7AB4606}.Linux|x86.Build.0 = Release|x86
		{15BC135A-693A-4DD7-990B-E97BF7AB4606}.OSX|Any CPU.ActiveCfg = Release|Any CPU
		{15BC135A-693A-4DD7-990B-E97BF7AB4606}.OSX|Any CPU.Build.0 = Release|Any CPU
		{15BC135A-693A-4DD7-990B-E97BF7AB4606}.OSX|ARM.ActiveCfg = Release|ARM
		{15BC135A-693A-4DD7-990B-E97BF7AB4606}.OSX|ARM.Build.0 = Release|ARM
		{15BC135A-693A-4DD7-990B-E97BF7AB4606}.OSX|Mixed Platforms.ActiveCfg = Release|x86
		{15BC135A-693A-4DD7-990B-E97BF7AB4606}.OSX|Mixed Platforms.Build.0 = Release|x86
		{15BC135A-693A-4DD7-990B-E97BF7AB4606}.OSX|x64.ActiveCfg = Release|Any CPU
		{15BC135A-693A-4DD7-990B-E97BF7AB4606}.OSX|x86.ActiveCfg = Release|x86
		{15BC135A-693A-4DD7-990B-E97BF7AB4606}.OSX|x86.Build.0 = Release|x86
		{15BC135A-693A-4DD7-990B-E97BF7AB4606}.PSM|Any CPU.ActiveCfg = Release|Any CPU
		{15BC135A-693A-4DD7-990B-E97BF7AB4606}.PSM|Any CPU.Build.0 = Release|Any CPU
		{15BC135A-693A-4DD7-990B-E97BF7AB4606}.PSM|ARM.ActiveCfg = Release|ARM
		{15BC135A-693A-4DD7-990B-E97BF7AB4606}.PSM|ARM.Build.0 = Release|ARM
		{15BC135A-693A-4DD7-990B-E97BF7AB4606}.PSM|Mixed Platforms.ActiveCfg = Release|x86
		{15BC135A-693A-4DD7-990B-E97BF7AB4606}.PSM|Mixed Platforms.Build.0 = Release|x86
		{15BC135A-693A-4DD7-990B-E97BF7AB4606}.PSM|x64.ActiveCfg = Release|Any CPU
		{15BC135A-693A-4DD7-990B-E97BF7AB4606}.PSM|x86.ActiveCfg = Release|x86
		{15BC135A-693A-4DD7-990B-E97BF7AB4606}.PSM|x86.Build.0 = Release|x86
		{15BC135A-693A-4DD7-990B-E97BF7AB4606}.Release|Any CPU.ActiveCfg = Release|Any CPU
		{15BC135A-693A-4DD7-990B-E97BF7AB4606}.Release|Any CPU.Build.0 = Release|Any CPU
		{15BC135A-693A-4DD7-990B-E97BF7AB4606}.Release|ARM.ActiveCfg = Release|ARM
		{15BC135A-693A-4DD7-990B-E97BF7AB4606}.Release|ARM.Build.0 = Release|ARM
		{15BC135A-693A-4DD7-990B-E97BF7AB4606}.Release|Mixed Platforms.ActiveCfg = Release|x86
		{15BC135A-693A-4DD7-990B-E97BF7AB4606}.Release|Mixed Platforms.Build.0 = Release|x86
		{15BC135A-693A-4DD7-990B-E97BF7AB4606}.Release|x64.ActiveCfg = Release|Any CPU
		{15BC135A-693A-4DD7-990B-E97BF7AB4606}.Release|x86.ActiveCfg = Release|x86
		{15BC135A-693A-4DD7-990B-E97BF7AB4606}.Release|x86.Build.0 = Release|x86
		{15BC135A-693A-4DD7-990B-E97BF7AB4606}.Windows|Any CPU.ActiveCfg = Release|Any CPU
		{15BC135A-693A-4DD7-990B-E97BF7AB4606}.Windows|Any CPU.Build.0 = Release|Any CPU
		{15BC135A-693A-4DD7-990B-E97BF7AB4606}.Windows|ARM.ActiveCfg = Release|ARM
		{15BC135A-693A-4DD7-990B-E97BF7AB4606}.Windows|ARM.Build.0 = Release|ARM
		{15BC135A-693A-4DD7-990B-E97BF7AB4606}.Windows|Mixed Platforms.ActiveCfg = Release|x86
		{15BC135A-693A-4DD7-990B-E97BF7AB4606}.Windows|Mixed Platforms.Build.0 = Release|x86
		{15BC135A-693A-4DD7-990B-E97BF7AB4606}.Windows|x64.ActiveCfg = Release|Any CPU
		{15BC135A-693A-4DD7-990B-E97BF7AB4606}.Windows|x86.ActiveCfg = Release|x86
		{15BC135A-693A-4DD7-990B-E97BF7AB4606}.Windows|x86.Build.0 = Release|x86
		{15BC135A-693A-4DD7-990B-E97BF7AB4606}.Windows8|Any CPU.ActiveCfg = Release|Any CPU
		{15BC135A-693A-4DD7-990B-E97BF7AB4606}.Windows8|Any CPU.Build.0 = Release|Any CPU
		{15BC135A-693A-4DD7-990B-E97BF7AB4606}.Windows8|ARM.ActiveCfg = Release|ARM
		{15BC135A-693A-4DD7-990B-E97BF7AB4606}.Windows8|ARM.Build.0 = Release|ARM
		{15BC135A-693A-4DD7-990B-E97BF7AB4606}.Windows8|Mixed Platforms.ActiveCfg = Release|x86
		{15BC135A-693A-4DD7-990B-E97BF7AB4606}.Windows8|Mixed Platforms.Build.0 = Release|x86
		{15BC135A-693A-4DD7-990B-E97BF7AB4606}.Windows8|x64.ActiveCfg = Release|Any CPU
		{15BC135A-693A-4DD7-990B-E97BF7AB4606}.Windows8|x86.ActiveCfg = Release|x86
		{15BC135A-693A-4DD7-990B-E97BF7AB4606}.Windows8|x86.Build.0 = Release|x86
		{94F54D70-0A8F-4873-B5B1-9260C9020A21}.Android|Any CPU.ActiveCfg = Release|x86
		{94F54D70-0A8F-4873-B5B1-9260C9020A21}.Android|ARM.ActiveCfg = Release|ARM
		{94F54D70-0A8F-4873-B5B1-9260C9020A21}.Android|ARM.Build.0 = Release|ARM
		{94F54D70-0A8F-4873-B5B1-9260C9020A21}.Android|ARM.Deploy.0 = Release|ARM
		{94F54D70-0A8F-4873-B5B1-9260C9020A21}.Android|Mixed Platforms.ActiveCfg = Release|x86
		{94F54D70-0A8F-4873-B5B1-9260C9020A21}.Android|Mixed Platforms.Build.0 = Release|x86
		{94F54D70-0A8F-4873-B5B1-9260C9020A21}.Android|Mixed Platforms.Deploy.0 = Release|x86
		{94F54D70-0A8F-4873-B5B1-9260C9020A21}.Android|x64.ActiveCfg = Release|x86
		{94F54D70-0A8F-4873-B5B1-9260C9020A21}.Android|x86.ActiveCfg = Release|x86
		{94F54D70-0A8F-4873-B5B1-9260C9020A21}.Android|x86.Build.0 = Release|x86
		{94F54D70-0A8F-4873-B5B1-9260C9020A21}.Android|x86.Deploy.0 = Release|x86
		{94F54D70-0A8F-4873-B5B1-9260C9020A21}.Debug|Any CPU.ActiveCfg = Debug|x86
		{94F54D70-0A8F-4873-B5B1-9260C9020A21}.Debug|ARM.ActiveCfg = Debug|ARM
		{94F54D70-0A8F-4873-B5B1-9260C9020A21}.Debug|ARM.Build.0 = Debug|ARM
		{94F54D70-0A8F-4873-B5B1-9260C9020A21}.Debug|ARM.Deploy.0 = Debug|ARM
		{94F54D70-0A8F-4873-B5B1-9260C9020A21}.Debug|Mixed Platforms.ActiveCfg = Debug|x86
		{94F54D70-0A8F-4873-B5B1-9260C9020A21}.Debug|Mixed Platforms.Build.0 = Debug|x86
		{94F54D70-0A8F-4873-B5B1-9260C9020A21}.Debug|Mixed Platforms.Deploy.0 = Debug|x86
		{94F54D70-0A8F-4873-B5B1-9260C9020A21}.Debug|x64.ActiveCfg = Debug|x86
		{94F54D70-0A8F-4873-B5B1-9260C9020A21}.Debug|x86.ActiveCfg = Debug|x86
		{94F54D70-0A8F-4873-B5B1-9260C9020A21}.Debug|x86.Build.0 = Debug|x86
		{94F54D70-0A8F-4873-B5B1-9260C9020A21}.Debug|x86.Deploy.0 = Debug|x86
		{94F54D70-0A8F-4873-B5B1-9260C9020A21}.iOS|Any CPU.ActiveCfg = Release|x86
		{94F54D70-0A8F-4873-B5B1-9260C9020A21}.iOS|ARM.ActiveCfg = Release|ARM
		{94F54D70-0A8F-4873-B5B1-9260C9020A21}.iOS|ARM.Build.0 = Release|ARM
		{94F54D70-0A8F-4873-B5B1-9260C9020A21}.iOS|ARM.Deploy.0 = Release|ARM
		{94F54D70-0A8F-4873-B5B1-9260C9020A21}.iOS|Mixed Platforms.ActiveCfg = Release|x86
		{94F54D70-0A8F-4873-B5B1-9260C9020A21}.iOS|Mixed Platforms.Build.0 = Release|x86
		{94F54D70-0A8F-4873-B5B1-9260C9020A21}.iOS|Mixed Platforms.Deploy.0 = Release|x86
		{94F54D70-0A8F-4873-B5B1-9260C9020A21}.iOS|x64.ActiveCfg = Release|x86
		{94F54D70-0A8F-4873-B5B1-9260C9020A21}.iOS|x86.ActiveCfg = Release|x86
		{94F54D70-0A8F-4873-B5B1-9260C9020A21}.iOS|x86.Build.0 = Release|x86
		{94F54D70-0A8F-4873-B5B1-9260C9020A21}.iOS|x86.Deploy.0 = Release|x86
		{94F54D70-0A8F-4873-B5B1-9260C9020A21}.Linux|Any CPU.ActiveCfg = Release|x86
		{94F54D70-0A8F-4873-B5B1-9260C9020A21}.Linux|ARM.ActiveCfg = Release|ARM
		{94F54D70-0A8F-4873-B5B1-9260C9020A21}.Linux|ARM.Build.0 = Release|ARM
		{94F54D70-0A8F-4873-B5B1-9260C9020A21}.Linux|ARM.Deploy.0 = Release|ARM
		{94F54D70-0A8F-4873-B5B1-9260C9020A21}.Linux|Mixed Platforms.ActiveCfg = Release|x86
		{94F54D70-0A8F-4873-B5B1-9260C9020A21}.Linux|Mixed Platforms.Build.0 = Release|x86
		{94F54D70-0A8F-4873-B5B1-9260C9020A21}.Linux|Mixed Platforms.Deploy.0 = Release|x86
		{94F54D70-0A8F-4873-B5B1-9260C9020A21}.Linux|x64.ActiveCfg = Release|x86
		{94F54D70-0A8F-4873-B5B1-9260C9020A21}.Linux|x86.ActiveCfg = Release|x86
		{94F54D70-0A8F-4873-B5B1-9260C9020A21}.Linux|x86.Build.0 = Release|x86
		{94F54D70-0A8F-4873-B5B1-9260C9020A21}.Linux|x86.Deploy.0 = Release|x86
		{94F54D70-0A8F-4873-B5B1-9260C9020A21}.OSX|Any CPU.ActiveCfg = Release|x86
		{94F54D70-0A8F-4873-B5B1-9260C9020A21}.OSX|ARM.ActiveCfg = Release|ARM
		{94F54D70-0A8F-4873-B5B1-9260C9020A21}.OSX|ARM.Build.0 = Release|ARM
		{94F54D70-0A8F-4873-B5B1-9260C9020A21}.OSX|ARM.Deploy.0 = Release|ARM
		{94F54D70-0A8F-4873-B5B1-9260C9020A21}.OSX|Mixed Platforms.ActiveCfg = Release|x86
		{94F54D70-0A8F-4873-B5B1-9260C9020A21}.OSX|Mixed Platforms.Build.0 = Release|x86
		{94F54D70-0A8F-4873-B5B1-9260C9020A21}.OSX|Mixed Platforms.Deploy.0 = Release|x86
		{94F54D70-0A8F-4873-B5B1-9260C9020A21}.OSX|x64.ActiveCfg = Release|x86
		{94F54D70-0A8F-4873-B5B1-9260C9020A21}.OSX|x86.ActiveCfg = Release|x86
		{94F54D70-0A8F-4873-B5B1-9260C9020A21}.OSX|x86.Build.0 = Release|x86
		{94F54D70-0A8F-4873-B5B1-9260C9020A21}.OSX|x86.Deploy.0 = Release|x86
		{94F54D70-0A8F-4873-B5B1-9260C9020A21}.PSM|Any CPU.ActiveCfg = Release|x86
		{94F54D70-0A8F-4873-B5B1-9260C9020A21}.PSM|ARM.ActiveCfg = Release|ARM
		{94F54D70-0A8F-4873-B5B1-9260C9020A21}.PSM|ARM.Build.0 = Release|ARM
		{94F54D70-0A8F-4873-B5B1-9260C9020A21}.PSM|ARM.Deploy.0 = Release|ARM
		{94F54D70-0A8F-4873-B5B1-9260C9020A21}.PSM|Mixed Platforms.ActiveCfg = Release|x86
		{94F54D70-0A8F-4873-B5B1-9260C9020A21}.PSM|Mixed Platforms.Build.0 = Release|x86
		{94F54D70-0A8F-4873-B5B1-9260C9020A21}.PSM|Mixed Platforms.Deploy.0 = Release|x86
		{94F54D70-0A8F-4873-B5B1-9260C9020A21}.PSM|x64.ActiveCfg = Release|x86
		{94F54D70-0A8F-4873-B5B1-9260C9020A21}.PSM|x86.ActiveCfg = Release|x86
		{94F54D70-0A8F-4873-B5B1-9260C9020A21}.PSM|x86.Build.0 = Release|x86
		{94F54D70-0A8F-4873-B5B1-9260C9020A21}.PSM|x86.Deploy.0 = Release|x86
		{94F54D70-0A8F-4873-B5B1-9260C9020A21}.Release|Any CPU.ActiveCfg = Release|x86
		{94F54D70-0A8F-4873-B5B1-9260C9020A21}.Release|ARM.ActiveCfg = Release|ARM
		{94F54D70-0A8F-4873-B5B1-9260C9020A21}.Release|ARM.Build.0 = Release|ARM
		{94F54D70-0A8F-4873-B5B1-9260C9020A21}.Release|ARM.Deploy.0 = Release|ARM
		{94F54D70-0A8F-4873-B5B1-9260C9020A21}.Release|Mixed Platforms.ActiveCfg = Release|x86
		{94F54D70-0A8F-4873-B5B1-9260C9020A21}.Release|Mixed Platforms.Build.0 = Release|x86
		{94F54D70-0A8F-4873-B5B1-9260C9020A21}.Release|Mixed Platforms.Deploy.0 = Release|x86
		{94F54D70-0A8F-4873-B5B1-9260C9020A21}.Release|x64.ActiveCfg = Release|x86
		{94F54D70-0A8F-4873-B5B1-9260C9020A21}.Release|x86.ActiveCfg = Release|x86
		{94F54D70-0A8F-4873-B5B1-9260C9020A21}.Release|x86.Build.0 = Release|x86
		{94F54D70-0A8F-4873-B5B1-9260C9020A21}.Release|x86.Deploy.0 = Release|x86
		{94F54D70-0A8F-4873-B5B1-9260C9020A21}.Windows|Any CPU.ActiveCfg = Release|x86
		{94F54D70-0A8F-4873-B5B1-9260C9020A21}.Windows|ARM.ActiveCfg = Release|ARM
		{94F54D70-0A8F-4873-B5B1-9260C9020A21}.Windows|ARM.Build.0 = Release|ARM
		{94F54D70-0A8F-4873-B5B1-9260C9020A21}.Windows|ARM.Deploy.0 = Release|ARM
		{94F54D70-0A8F-4873-B5B1-9260C9020A21}.Windows|Mixed Platforms.ActiveCfg = Release|x86
		{94F54D70-0A8F-4873-B5B1-9260C9020A21}.Windows|Mixed Platforms.Build.0 = Release|x86
		{94F54D70-0A8F-4873-B5B1-9260C9020A21}.Windows|Mixed Platforms.Deploy.0 = Release|x86
		{94F54D70-0A8F-4873-B5B1-9260C9020A21}.Windows|x64.ActiveCfg = Release|x86
		{94F54D70-0A8F-4873-B5B1-9260C9020A21}.Windows|x86.ActiveCfg = Release|x86
		{94F54D70-0A8F-4873-B5B1-9260C9020A21}.Windows|x86.Build.0 = Release|x86
		{94F54D70-0A8F-4873-B5B1-9260C9020A21}.Windows|x86.Deploy.0 = Release|x86
		{94F54D70-0A8F-4873-B5B1-9260C9020A21}.Windows8|Any CPU.ActiveCfg = Release|x86
		{94F54D70-0A8F-4873-B5B1-9260C9020A21}.Windows8|ARM.ActiveCfg = Release|ARM
		{94F54D70-0A8F-4873-B5B1-9260C9020A21}.Windows8|ARM.Build.0 = Release|ARM
		{94F54D70-0A8F-4873-B5B1-9260C9020A21}.Windows8|ARM.Deploy.0 = Release|ARM
		{94F54D70-0A8F-4873-B5B1-9260C9020A21}.Windows8|Mixed Platforms.ActiveCfg = Release|x86
		{94F54D70-0A8F-4873-B5B1-9260C9020A21}.Windows8|Mixed Platforms.Build.0 = Release|x86
		{94F54D70-0A8F-4873-B5B1-9260C9020A21}.Windows8|Mixed Platforms.Deploy.0 = Release|x86
		{94F54D70-0A8F-4873-B5B1-9260C9020A21}.Windows8|x64.ActiveCfg = Release|x86
		{94F54D70-0A8F-4873-B5B1-9260C9020A21}.Windows8|x86.ActiveCfg = Release|x86
		{94F54D70-0A8F-4873-B5B1-9260C9020A21}.Windows8|x86.Build.0 = Release|x86
		{94F54D70-0A8F-4873-B5B1-9260C9020A21}.Windows8|x86.Deploy.0 = Release|x86
	EndGlobalSection
	GlobalSection(SolutionProperties) = preSolution
		HideSolutionNode = FALSE
	EndGlobalSection
EndGlobal
