
Microsoft Visual Studio Solution File, Format Version 12.00
# Visual Studio 2012
Project("{FAE04EC0-301F-11D3-BF4B-00C04F79EFBC}") = "CrossPlat-Demo", "CrossPlat-Demo3\CrossPlat-Demo\CrossPlat-Demo.csproj", "{787DCF60-CC67-4E2D-BD4A-91A0EADF2FF0}"
EndProject
Project("{FAE04EC0-301F-11D3-BF4B-00C04F79EFBC}") = "CrossPlat-DemoContent", "CrossPlat-Demo3\CrossPlat-DemoContent\CrossPlat-DemoContent.contentproj", "{B9918026-D4CD-4860-A11F-89BF0810A280}"
EndProject
Project("{FAE04EC0-301F-11D3-BF4B-00C04F79EFBC}") = "Lightning.Engine", "CrossPlat-Demo3\Lightning.Engine\Lightning.Engine.csproj", "{AC9F8EB6-D466-4DFF-A661-16A8AAC11A11}"
EndProject
Project("{FAE04EC0-301F-11D3-BF4B-00C04F79EFBC}") = "WindowsGL-Game", "CrossPlat-Demo3\WindowsGL-Game\WindowsGL-Game.csproj", "{4EEC9898-485E-4A58-B797-7F06B3E3126D}"
EndProject
Project("{FAE04EC0-301F-11D3-BF4B-00C04F79EFBC}") = "Windows8-Game", "CrossPlat-Demo3\Windows8-Game\Windows8-Game.csproj", "{20CB972C-8F7B-4DD5-BA29-9D1B1F188315}"
EndProject
Project("{FAE04EC0-301F-11D3-BF4B-00C04F79EFBC}") = "WindowsPhone-Game", "CrossPlat-Demo3\WindowsPhone-Game\WindowsPhone-Game.csproj", "{94F54D70-0A8F-4873-B5B1-9260C9020A21}"
EndProject
Global
	GlobalSection(SolutionConfigurationPlatforms) = preSolution
		Android|Any CPU = Android|Any CPU
		Android|Mixed Platforms = Android|Mixed Platforms
		Android|x86 = Android|x86
		Debug|Any CPU = Debug|Any CPU
		Debug|Mixed Platforms = Debug|Mixed Platforms
		Debug|x86 = Debug|x86
		iOS|Any CPU = iOS|Any CPU
		iOS|Mixed Platforms = iOS|Mixed Platforms
		iOS|x86 = iOS|x86
		Linux|Any CPU = Linux|Any CPU
		Linux|Mixed Platforms = Linux|Mixed Platforms
		Linux|x86 = Linux|x86
		OSX|Any CPU = OSX|Any CPU
		OSX|Mixed Platforms = OSX|Mixed Platforms
		OSX|x86 = OSX|x86
		PSM|Any CPU = PSM|Any CPU
		PSM|Mixed Platforms = PSM|Mixed Platforms
		PSM|x86 = PSM|x86
		Release|Any CPU = Release|Any CPU
		Release|Mixed Platforms = Release|Mixed Platforms
		Release|x86 = Release|x86
		Windows|Any CPU = Windows|Any CPU
		Windows|Mixed Platforms = Windows|Mixed Platforms
		Windows|x86 = Windows|x86
		Windows8|Any CPU = Windows8|Any CPU
		Windows8|Mixed Platforms = Windows8|Mixed Platforms
		Windows8|x86 = Windows8|x86
	EndGlobalSection
	GlobalSection(ProjectConfigurationPlatforms) = postSolution
		{787DCF60-CC67-4E2D-BD4A-91A0EADF2FF0}.Android|Any CPU.ActiveCfg = Android|Any CPU
		{787DCF60-CC67-4E2D-BD4A-91A0EADF2FF0}.Android|Any CPU.Build.0 = Android|Any CPU
		{787DCF60-CC67-4E2D-BD4A-91A0EADF2FF0}.Android|Mixed Platforms.ActiveCfg = Android|Any CPU
		{787DCF60-CC67-4E2D-BD4A-91A0EADF2FF0}.Android|Mixed Platforms.Build.0 = Android|Any CPU
		{787DCF60-CC67-4E2D-BD4A-91A0EADF2FF0}.Android|x86.ActiveCfg = Android|Any CPU
		{787DCF60-CC67-4E2D-BD4A-91A0EADF2FF0}.Debug|Any CPU.ActiveCfg = PSM|Any CPU
		{787DCF60-CC67-4E2D-BD4A-91A0EADF2FF0}.Debug|Any CPU.Build.0 = PSM|Any CPU
		{787DCF60-CC67-4E2D-BD4A-91A0EADF2FF0}.Debug|Mixed Platforms.ActiveCfg = Windows8|Any CPU
		{787DCF60-CC67-4E2D-BD4A-91A0EADF2FF0}.Debug|Mixed Platforms.Build.0 = Windows8|Any CPU
		{787DCF60-CC67-4E2D-BD4A-91A0EADF2FF0}.Debug|x86.ActiveCfg = Windows8|Any CPU
		{787DCF60-CC67-4E2D-BD4A-91A0EADF2FF0}.iOS|Any CPU.ActiveCfg = iOS|Any CPU
		{787DCF60-CC67-4E2D-BD4A-91A0EADF2FF0}.iOS|Any CPU.Build.0 = iOS|Any CPU
		{787DCF60-CC67-4E2D-BD4A-91A0EADF2FF0}.iOS|Mixed Platforms.ActiveCfg = iOS|Any CPU
		{787DCF60-CC67-4E2D-BD4A-91A0EADF2FF0}.iOS|Mixed Platforms.Build.0 = iOS|Any CPU
		{787DCF60-CC67-4E2D-BD4A-91A0EADF2FF0}.iOS|x86.ActiveCfg = iOS|Any CPU
		{787DCF60-CC67-4E2D-BD4A-91A0EADF2FF0}.Linux|Any CPU.ActiveCfg = Linux|Any CPU
		{787DCF60-CC67-4E2D-BD4A-91A0EADF2FF0}.Linux|Any CPU.Build.0 = Linux|Any CPU
		{787DCF60-CC67-4E2D-BD4A-91A0EADF2FF0}.Linux|Mixed Platforms.ActiveCfg = Linux|Any CPU
		{787DCF60-CC67-4E2D-BD4A-91A0EADF2FF0}.Linux|Mixed Platforms.Build.0 = Linux|Any CPU
		{787DCF60-CC67-4E2D-BD4A-91A0EADF2FF0}.Linux|x86.ActiveCfg = Linux|Any CPU
		{787DCF60-CC67-4E2D-BD4A-91A0EADF2FF0}.OSX|Any CPU.ActiveCfg = OSX|Any CPU
		{787DCF60-CC67-4E2D-BD4A-91A0EADF2FF0}.OSX|Any CPU.Build.0 = OSX|Any CPU
		{787DCF60-CC67-4E2D-BD4A-91A0EADF2FF0}.OSX|Mixed Platforms.ActiveCfg = OSX|Any CPU
		{787DCF60-CC67-4E2D-BD4A-91A0EADF2FF0}.OSX|Mixed Platforms.Build.0 = OSX|Any CPU
		{787DCF60-CC67-4E2D-BD4A-91A0EADF2FF0}.OSX|x86.ActiveCfg = OSX|Any CPU
		{787DCF60-CC67-4E2D-BD4A-91A0EADF2FF0}.PSM|Any CPU.ActiveCfg = PSM|Any CPU
		{787DCF60-CC67-4E2D-BD4A-91A0EADF2FF0}.PSM|Any CPU.Build.0 = PSM|Any CPU
		{787DCF60-CC67-4E2D-BD4A-91A0EADF2FF0}.PSM|Mixed Platforms.ActiveCfg = PSM|Any CPU
		{787DCF60-CC67-4E2D-BD4A-91A0EADF2FF0}.PSM|Mixed Platforms.Build.0 = PSM|Any CPU
		{787DCF60-CC67-4E2D-BD4A-91A0EADF2FF0}.PSM|x86.ActiveCfg = PSM|Any CPU
		{787DCF60-CC67-4E2D-BD4A-91A0EADF2FF0}.Release|Any CPU.ActiveCfg = PSM|Any CPU
		{787DCF60-CC67-4E2D-BD4A-91A0EADF2FF0}.Release|Any CPU.Build.0 = PSM|Any CPU
		{787DCF60-CC67-4E2D-BD4A-91A0EADF2FF0}.Release|Mixed Platforms.ActiveCfg = Windows8|Any CPU
		{787DCF60-CC67-4E2D-BD4A-91A0EADF2FF0}.Release|Mixed Platforms.Build.0 = Windows8|Any CPU
		{787DCF60-CC67-4E2D-BD4A-91A0EADF2FF0}.Release|x86.ActiveCfg = Windows8|Any CPU
		{787DCF60-CC67-4E2D-BD4A-91A0EADF2FF0}.Windows|Any CPU.ActiveCfg = Windows|Any CPU
		{787DCF60-CC67-4E2D-BD4A-91A0EADF2FF0}.Windows|Any CPU.Build.0 = Windows|Any CPU
		{787DCF60-CC67-4E2D-BD4A-91A0EADF2FF0}.Windows|Mixed Platforms.ActiveCfg = Windows|Any CPU
		{787DCF60-CC67-4E2D-BD4A-91A0EADF2FF0}.Windows|Mixed Platforms.Build.0 = Windows|Any CPU
		{787DCF60-CC67-4E2D-BD4A-91A0EADF2FF0}.Windows|x86.ActiveCfg = Windows|Any CPU
		{787DCF60-CC67-4E2D-BD4A-91A0EADF2FF0}.Windows8|Any CPU.ActiveCfg = Windows8|Any CPU
		{787DCF60-CC67-4E2D-BD4A-91A0EADF2FF0}.Windows8|Any CPU.Build.0 = Windows8|Any CPU
		{787DCF60-CC67-4E2D-BD4A-91A0EADF2FF0}.Windows8|Mixed Platforms.ActiveCfg = Windows8|Any CPU
		{787DCF60-CC67-4E2D-BD4A-91A0EADF2FF0}.Windows8|Mixed Platforms.Build.0 = Windows8|Any CPU
		{787DCF60-CC67-4E2D-BD4A-91A0EADF2FF0}.Windows8|x86.ActiveCfg = Windows8|Any CPU
		{B9918026-D4CD-4860-A11F-89BF0810A280}.Android|Any CPU.ActiveCfg = Android|Any CPU
		{B9918026-D4CD-4860-A11F-89BF0810A280}.Android|Mixed Platforms.ActiveCfg = Android|Any CPU
		{B9918026-D4CD-4860-A11F-89BF0810A280}.Android|x86.ActiveCfg = Android|Any CPU
		{B9918026-D4CD-4860-A11F-89BF0810A280}.Debug|Any CPU.ActiveCfg = PSM|Any CPU
		{B9918026-D4CD-4860-A11F-89BF0810A280}.Debug|Mixed Platforms.ActiveCfg = Windows8|Any CPU
		{B9918026-D4CD-4860-A11F-89BF0810A280}.Debug|x86.ActiveCfg = Windows8|Any CPU
		{B9918026-D4CD-4860-A11F-89BF0810A280}.iOS|Any CPU.ActiveCfg = iOS|Any CPU
		{B9918026-D4CD-4860-A11F-89BF0810A280}.iOS|Mixed Platforms.ActiveCfg = iOS|Any CPU
		{B9918026-D4CD-4860-A11F-89BF0810A280}.iOS|x86.ActiveCfg = iOS|Any CPU
		{B9918026-D4CD-4860-A11F-89BF0810A280}.Linux|Any CPU.ActiveCfg = Linux|Any CPU
		{B9918026-D4CD-4860-A11F-89BF0810A280}.Linux|Mixed Platforms.ActiveCfg = Linux|Any CPU
		{B9918026-D4CD-4860-A11F-89BF0810A280}.Linux|x86.ActiveCfg = Linux|Any CPU
		{B9918026-D4CD-4860-A11F-89BF0810A280}.OSX|Any CPU.ActiveCfg = OSX|Any CPU
		{B9918026-D4CD-4860-A11F-89BF0810A280}.OSX|Mixed Platforms.ActiveCfg = OSX|Any CPU
		{B9918026-D4CD-4860-A11F-89BF0810A280}.OSX|x86.ActiveCfg = OSX|Any CPU
		{B9918026-D4CD-4860-A11F-89BF0810A280}.PSM|Any CPU.ActiveCfg = PSM|Any CPU
		{B9918026-D4CD-4860-A11F-89BF0810A280}.PSM|Mixed Platforms.ActiveCfg = PSM|Any CPU
		{B9918026-D4CD-4860-A11F-89BF0810A280}.PSM|x86.ActiveCfg = PSM|Any CPU
		{B9918026-D4CD-4860-A11F-89BF0810A280}.Release|Any CPU.ActiveCfg = PSM|Any CPU
		{B9918026-D4CD-4860-A11F-89BF0810A280}.Release|Mixed Platforms.ActiveCfg = Windows8|Any CPU
		{B9918026-D4CD-4860-A11F-89BF0810A280}.Release|x86.ActiveCfg = Windows8|Any CPU
		{B9918026-D4CD-4860-A11F-89BF0810A280}.Windows|Any CPU.ActiveCfg = Windows|Any CPU
		{B9918026-D4CD-4860-A11F-89BF0810A280}.Windows|Mixed Platforms.ActiveCfg = Windows|Any CPU
		{B9918026-D4CD-4860-A11F-89BF0810A280}.Windows|x86.ActiveCfg = Windows|Any CPU
		{B9918026-D4CD-4860-A11F-89BF0810A280}.Windows8|Any CPU.ActiveCfg = Windows8|Any CPU
		{B9918026-D4CD-4860-A11F-89BF0810A280}.Windows8|Mixed Platforms.ActiveCfg = Windows8|Any CPU
		{B9918026-D4CD-4860-A11F-89BF0810A280}.Windows8|x86.ActiveCfg = Windows8|Any CPU
		{AC9F8EB6-D466-4DFF-A661-16A8AAC11A11}.Android|Any CPU.ActiveCfg = Release|Any CPU
		{AC9F8EB6-D466-4DFF-A661-16A8AAC11A11}.Android|Any CPU.Build.0 = Release|Any CPU
		{AC9F8EB6-D466-4DFF-A661-16A8AAC11A11}.Android|Mixed Platforms.ActiveCfg = Debug|Any CPU
		{AC9F8EB6-D466-4DFF-A661-16A8AAC11A11}.Android|Mixed Platforms.Build.0 = Debug|Any CPU
		{AC9F8EB6-D466-4DFF-A661-16A8AAC11A11}.Android|x86.ActiveCfg = Debug|Any CPU
		{AC9F8EB6-D466-4DFF-A661-16A8AAC11A11}.Debug|Any CPU.ActiveCfg = Debug|Any CPU
		{AC9F8EB6-D466-4DFF-A661-16A8AAC11A11}.Debug|Any CPU.Build.0 = Debug|Any CPU
		{AC9F8EB6-D466-4DFF-A661-16A8AAC11A11}.Debug|Mixed Platforms.ActiveCfg = Debug|Any CPU
		{AC9F8EB6-D466-4DFF-A661-16A8AAC11A11}.Debug|Mixed Platforms.Build.0 = Debug|Any CPU
		{AC9F8EB6-D466-4DFF-A661-16A8AAC11A11}.Debug|x86.ActiveCfg = Debug|Any CPU
		{AC9F8EB6-D466-4DFF-A661-16A8AAC11A11}.iOS|Any CPU.ActiveCfg = Release|Any CPU
		{AC9F8EB6-D466-4DFF-A661-16A8AAC11A11}.iOS|Any CPU.Build.0 = Release|Any CPU
		{AC9F8EB6-D466-4DFF-A661-16A8AAC11A11}.iOS|Mixed Platforms.ActiveCfg = Debug|Any CPU
		{AC9F8EB6-D466-4DFF-A661-16A8AAC11A11}.iOS|Mixed Platforms.Build.0 = Debug|Any CPU
		{AC9F8EB6-D466-4DFF-A661-16A8AAC11A11}.iOS|x86.ActiveCfg = Debug|Any CPU
		{AC9F8EB6-D466-4DFF-A661-16A8AAC11A11}.Linux|Any CPU.ActiveCfg = Release|Any CPU
		{AC9F8EB6-D466-4DFF-A661-16A8AAC11A11}.Linux|Any CPU.Build.0 = Release|Any CPU
		{AC9F8EB6-D466-4DFF-A661-16A8AAC11A11}.Linux|Mixed Platforms.ActiveCfg = Debug|Any CPU
		{AC9F8EB6-D466-4DFF-A661-16A8AAC11A11}.Linux|Mixed Platforms.Build.0 = Debug|Any CPU
		{AC9F8EB6-D466-4DFF-A661-16A8AAC11A11}.Linux|x86.ActiveCfg = Debug|Any CPU
		{AC9F8EB6-D466-4DFF-A661-16A8AAC11A11}.OSX|Any CPU.ActiveCfg = Release|Any CPU
		{AC9F8EB6-D466-4DFF-A661-16A8AAC11A11}.OSX|Any CPU.Build.0 = Release|Any CPU
		{AC9F8EB6-D466-4DFF-A661-16A8AAC11A11}.OSX|Mixed Platforms.ActiveCfg = Debug|Any CPU
		{AC9F8EB6-D466-4DFF-A661-16A8AAC11A11}.OSX|Mixed Platforms.Build.0 = Debug|Any CPU
		{AC9F8EB6-D466-4DFF-A661-16A8AAC11A11}.OSX|x86.ActiveCfg = Debug|Any CPU
		{AC9F8EB6-D466-4DFF-A661-16A8AAC11A11}.PSM|Any CPU.ActiveCfg = Release|Any CPU
		{AC9F8EB6-D466-4DFF-A661-16A8AAC11A11}.PSM|Any CPU.Build.0 = Release|Any CPU
		{AC9F8EB6-D466-4DFF-A661-16A8AAC11A11}.PSM|Mixed Platforms.ActiveCfg = Debug|Any CPU
		{AC9F8EB6-D466-4DFF-A661-16A8AAC11A11}.PSM|Mixed Platforms.Build.0 = Debug|Any CPU
		{AC9F8EB6-D466-4DFF-A661-16A8AAC11A11}.PSM|x86.ActiveCfg = Debug|Any CPU
		{AC9F8EB6-D466-4DFF-A661-16A8AAC11A11}.Release|Any CPU.ActiveCfg = Release|Any CPU
		{AC9F8EB6-D466-4DFF-A661-16A8AAC11A11}.Release|Any CPU.Build.0 = Release|Any CPU
		{AC9F8EB6-D466-4DFF-A661-16A8AAC11A11}.Release|Mixed Platforms.ActiveCfg = Release|Any CPU
		{AC9F8EB6-D466-4DFF-A661-16A8AAC11A11}.Release|Mixed Platforms.Build.0 = Release|Any CPU
		{AC9F8EB6-D466-4DFF-A661-16A8AAC11A11}.Release|x86.ActiveCfg = Release|Any CPU
		{AC9F8EB6-D466-4DFF-A661-16A8AAC11A11}.Windows|Any CPU.ActiveCfg = Release|Any CPU
		{AC9F8EB6-D466-4DFF-A661-16A8AAC11A11}.Windows|Any CPU.Build.0 = Release|Any CPU
		{AC9F8EB6-D466-4DFF-A661-16A8AAC11A11}.Windows|Mixed Platforms.ActiveCfg = Debug|Any CPU
		{AC9F8EB6-D466-4DFF-A661-16A8AAC11A11}.Windows|Mixed Platforms.Build.0 = Debug|Any CPU
		{AC9F8EB6-D466-4DFF-A661-16A8AAC11A11}.Windows|x86.ActiveCfg = Debug|Any CPU
		{AC9F8EB6-D466-4DFF-A661-16A8AAC11A11}.Windows8|Any CPU.ActiveCfg = Release|Any CPU
		{AC9F8EB6-D466-4DFF-A661-16A8AAC11A11}.Windows8|Any CPU.Build.0 = Release|Any CPU
		{AC9F8EB6-D466-4DFF-A661-16A8AAC11A11}.Windows8|Mixed Platforms.ActiveCfg = Debug|Any CPU
		{AC9F8EB6-D466-4DFF-A661-16A8AAC11A11}.Windows8|Mixed Platforms.Build.0 = Debug|Any CPU
		{AC9F8EB6-D466-4DFF-A661-16A8AAC11A11}.Windows8|x86.ActiveCfg = Debug|Any CPU
		{4EEC9898-485E-4A58-B797-7F06B3E3126D}.Android|Any CPU.ActiveCfg = Release|x86
		{4EEC9898-485E-4A58-B797-7F06B3E3126D}.Android|Mixed Platforms.ActiveCfg = Release|x86
		{4EEC9898-485E-4A58-B797-7F06B3E3126D}.Android|Mixed Platforms.Build.0 = Release|x86
		{4EEC9898-485E-4A58-B797-7F06B3E3126D}.Android|x86.ActiveCfg = Release|x86
		{4EEC9898-485E-4A58-B797-7F06B3E3126D}.Android|x86.Build.0 = Release|x86
		{4EEC9898-485E-4A58-B797-7F06B3E3126D}.Debug|Any CPU.ActiveCfg = Debug|x86
		{4EEC9898-485E-4A58-B797-7F06B3E3126D}.Debug|Mixed Platforms.ActiveCfg = Debug|x86
		{4EEC9898-485E-4A58-B797-7F06B3E3126D}.Debug|Mixed Platforms.Build.0 = Debug|x86
		{4EEC9898-485E-4A58-B797-7F06B3E3126D}.Debug|x86.ActiveCfg = Debug|x86
		{4EEC9898-485E-4A58-B797-7F06B3E3126D}.Debug|x86.Build.0 = Debug|x86
		{4EEC9898-485E-4A58-B797-7F06B3E3126D}.iOS|Any CPU.ActiveCfg = Release|x86
		{4EEC9898-485E-4A58-B797-7F06B3E3126D}.iOS|Mixed Platforms.ActiveCfg = Release|x86
		{4EEC9898-485E-4A58-B797-7F06B3E3126D}.iOS|Mixed Platforms.Build.0 = Release|x86
		{4EEC9898-485E-4A58-B797-7F06B3E3126D}.iOS|x86.ActiveCfg = Release|x86
		{4EEC9898-485E-4A58-B797-7F06B3E3126D}.iOS|x86.Build.0 = Release|x86
		{4EEC9898-485E-4A58-B797-7F06B3E3126D}.Linux|Any CPU.ActiveCfg = Release|x86
		{4EEC9898-485E-4A58-B797-7F06B3E3126D}.Linux|Mixed Platforms.ActiveCfg = Release|x86
		{4EEC9898-485E-4A58-B797-7F06B3E3126D}.Linux|Mixed Platforms.Build.0 = Release|x86
		{4EEC9898-485E-4A58-B797-7F06B3E3126D}.Linux|x86.ActiveCfg = Release|x86
		{4EEC9898-485E-4A58-B797-7F06B3E3126D}.Linux|x86.Build.0 = Release|x86
		{4EEC9898-485E-4A58-B797-7F06B3E3126D}.OSX|Any CPU.ActiveCfg = Release|x86
		{4EEC9898-485E-4A58-B797-7F06B3E3126D}.OSX|Mixed Platforms.ActiveCfg = Release|x86
		{4EEC9898-485E-4A58-B797-7F06B3E3126D}.OSX|Mixed Platforms.Build.0 = Release|x86
		{4EEC9898-485E-4A58-B797-7F06B3E3126D}.OSX|x86.ActiveCfg = Release|x86
		{4EEC9898-485E-4A58-B797-7F06B3E3126D}.OSX|x86.Build.0 = Release|x86
		{4EEC9898-485E-4A58-B797-7F06B3E3126D}.PSM|Any CPU.ActiveCfg = Release|x86
		{4EEC9898-485E-4A58-B797-7F06B3E3126D}.PSM|Mixed Platforms.ActiveCfg = Release|x86
		{4EEC9898-485E-4A58-B797-7F06B3E3126D}.PSM|Mixed Platforms.Build.0 = Release|x86
		{4EEC9898-485E-4A58-B797-7F06B3E3126D}.PSM|x86.ActiveCfg = Release|x86
		{4EEC9898-485E-4A58-B797-7F06B3E3126D}.PSM|x86.Build.0 = Release|x86
		{4EEC9898-485E-4A58-B797-7F06B3E3126D}.Release|Any CPU.ActiveCfg = Release|x86
		{4EEC9898-485E-4A58-B797-7F06B3E3126D}.Release|Mixed Platforms.ActiveCfg = Release|x86
		{4EEC9898-485E-4A58-B797-7F06B3E3126D}.Release|Mixed Platforms.Build.0 = Release|x86
		{4EEC9898-485E-4A58-B797-7F06B3E3126D}.Release|x86.ActiveCfg = Release|x86
		{4EEC9898-485E-4A58-B797-7F06B3E3126D}.Release|x86.Build.0 = Release|x86
		{4EEC9898-485E-4A58-B797-7F06B3E3126D}.Windows|Any CPU.ActiveCfg = Release|x86
		{4EEC9898-485E-4A58-B797-7F06B3E3126D}.Windows|Mixed Platforms.ActiveCfg = Release|x86
		{4EEC9898-485E-4A58-B797-7F06B3E3126D}.Windows|Mixed Platforms.Build.0 = Release|x86
		{4EEC9898-485E-4A58-B797-7F06B3E3126D}.Windows|x86.ActiveCfg = Release|x86
		{4EEC9898-485E-4A58-B797-7F06B3E3126D}.Windows|x86.Build.0 = Release|x86
		{4EEC9898-485E-4A58-B797-7F06B3E3126D}.Windows8|Any CPU.ActiveCfg = Release|x86
		{4EEC9898-485E-4A58-B797-7F06B3E3126D}.Windows8|Mixed Platforms.ActiveCfg = Release|x86
		{4EEC9898-485E-4A58-B797-7F06B3E3126D}.Windows8|Mixed Platforms.Build.0 = Release|x86
		{4EEC9898-485E-4A58-B797-7F06B3E3126D}.Windows8|x86.ActiveCfg = Release|x86
		{4EEC9898-485E-4A58-B797-7F06B3E3126D}.Windows8|x86.Build.0 = Release|x86
		{20CB972C-8F7B-4DD5-BA29-9D1B1F188315}.Android|Any CPU.ActiveCfg = Release|Any CPU
		{20CB972C-8F7B-4DD5-BA29-9D1B1F188315}.Android|Any CPU.Build.0 = Release|Any CPU
		{20CB972C-8F7B-4DD5-BA29-9D1B1F188315}.Android|Any CPU.Deploy.0 = Release|Any CPU
		{20CB972C-8F7B-4DD5-BA29-9D1B1F188315}.Android|Mixed Platforms.ActiveCfg = Release|x86
		{20CB972C-8F7B-4DD5-BA29-9D1B1F188315}.Android|Mixed Platforms.Build.0 = Release|x86
		{20CB972C-8F7B-4DD5-BA29-9D1B1F188315}.Android|Mixed Platforms.Deploy.0 = Release|x86
		{20CB972C-8F7B-4DD5-BA29-9D1B1F188315}.Android|x86.ActiveCfg = Release|x86
		{20CB972C-8F7B-4DD5-BA29-9D1B1F188315}.Android|x86.Build.0 = Release|x86
		{20CB972C-8F7B-4DD5-BA29-9D1B1F188315}.Android|x86.Deploy.0 = Release|x86
		{20CB972C-8F7B-4DD5-BA29-9D1B1F188315}.Debug|Any CPU.ActiveCfg = Debug|Any CPU
		{20CB972C-8F7B-4DD5-BA29-9D1B1F188315}.Debug|Any CPU.Build.0 = Debug|Any CPU
		{20CB972C-8F7B-4DD5-BA29-9D1B1F188315}.Debug|Any CPU.Deploy.0 = Debug|Any CPU
		{20CB972C-8F7B-4DD5-BA29-9D1B1F188315}.Debug|Mixed Platforms.ActiveCfg = Debug|x86
		{20CB972C-8F7B-4DD5-BA29-9D1B1F188315}.Debug|Mixed Platforms.Build.0 = Debug|x86
		{20CB972C-8F7B-4DD5-BA29-9D1B1F188315}.Debug|Mixed Platforms.Deploy.0 = Debug|x86
		{20CB972C-8F7B-4DD5-BA29-9D1B1F188315}.Debug|x86.ActiveCfg = Debug|x86
		{20CB972C-8F7B-4DD5-BA29-9D1B1F188315}.Debug|x86.Build.0 = Debug|x86
		{20CB972C-8F7B-4DD5-BA29-9D1B1F188315}.Debug|x86.Deploy.0 = Debug|x86
		{20CB972C-8F7B-4DD5-BA29-9D1B1F188315}.iOS|Any CPU.ActiveCfg = Release|Any CPU
		{20CB972C-8F7B-4DD5-BA29-9D1B1F188315}.iOS|Any CPU.Build.0 = Release|Any CPU
		{20CB972C-8F7B-4DD5-BA29-9D1B1F188315}.iOS|Any CPU.Deploy.0 = Release|Any CPU
		{20CB972C-8F7B-4DD5-BA29-9D1B1F188315}.iOS|Mixed Platforms.ActiveCfg = Release|x86
		{20CB972C-8F7B-4DD5-BA29-9D1B1F188315}.iOS|Mixed Platforms.Build.0 = Release|x86
		{20CB972C-8F7B-4DD5-BA29-9D1B1F188315}.iOS|Mixed Platforms.Deploy.0 = Release|x86
		{20CB972C-8F7B-4DD5-BA29-9D1B1F188315}.iOS|x86.ActiveCfg = Release|x86
		{20CB972C-8F7B-4DD5-BA29-9D1B1F188315}.iOS|x86.Build.0 = Release|x86
		{20CB972C-8F7B-4DD5-BA29-9D1B1F188315}.iOS|x86.Deploy.0 = Release|x86
		{20CB972C-8F7B-4DD5-BA29-9D1B1F188315}.Linux|Any CPU.ActiveCfg = Release|Any CPU
		{20CB972C-8F7B-4DD5-BA29-9D1B1F188315}.Linux|Any CPU.Build.0 = Release|Any CPU
		{20CB972C-8F7B-4DD5-BA29-9D1B1F188315}.Linux|Any CPU.Deploy.0 = Release|Any CPU
		{20CB972C-8F7B-4DD5-BA29-9D1B1F188315}.Linux|Mixed Platforms.ActiveCfg = Release|x86
		{20CB972C-8F7B-4DD5-BA29-9D1B1F188315}.Linux|Mixed Platforms.Build.0 = Release|x86
		{20CB972C-8F7B-4DD5-BA29-9D1B1F188315}.Linux|Mixed Platforms.Deploy.0 = Release|x86
		{20CB972C-8F7B-4DD5-BA29-9D1B1F188315}.Linux|x86.ActiveCfg = Release|x86
		{20CB972C-8F7B-4DD5-BA29-9D1B1F188315}.Linux|x86.Build.0 = Release|x86
		{20CB972C-8F7B-4DD5-BA29-9D1B1F188315}.Linux|x86.Deploy.0 = Release|x86
		{20CB972C-8F7B-4DD5-BA29-9D1B1F188315}.OSX|Any CPU.ActiveCfg = Release|Any CPU
		{20CB972C-8F7B-4DD5-BA29-9D1B1F188315}.OSX|Any CPU.Build.0 = Release|Any CPU
		{20CB972C-8F7B-4DD5-BA29-9D1B1F188315}.OSX|Any CPU.Deploy.0 = Release|Any CPU
		{20CB972C-8F7B-4DD5-BA29-9D1B1F188315}.OSX|Mixed Platforms.ActiveCfg = Release|x86
		{20CB972C-8F7B-4DD5-BA29-9D1B1F188315}.OSX|Mixed Platforms.Build.0 = Release|x86
		{20CB972C-8F7B-4DD5-BA29-9D1B1F188315}.OSX|Mixed Platforms.Deploy.0 = Release|x86
		{20CB972C-8F7B-4DD5-BA29-9D1B1F188315}.OSX|x86.ActiveCfg = Release|x86
		{20CB972C-8F7B-4DD5-BA29-9D1B1F188315}.OSX|x86.Build.0 = Release|x86
		{20CB972C-8F7B-4DD5-BA29-9D1B1F188315}.OSX|x86.Deploy.0 = Release|x86
		{20CB972C-8F7B-4DD5-BA29-9D1B1F188315}.PSM|Any CPU.ActiveCfg = Release|Any CPU
		{20CB972C-8F7B-4DD5-BA29-9D1B1F188315}.PSM|Any CPU.Build.0 = Release|Any CPU
		{20CB972C-8F7B-4DD5-BA29-9D1B1F188315}.PSM|Any CPU.Deploy.0 = Release|Any CPU
		{20CB972C-8F7B-4DD5-BA29-9D1B1F188315}.PSM|Mixed Platforms.ActiveCfg = Release|x86
		{20CB972C-8F7B-4DD5-BA29-9D1B1F188315}.PSM|Mixed Platforms.Build.0 = Release|x86
		{20CB972C-8F7B-4DD5-BA29-9D1B1F188315}.PSM|Mixed Platforms.Deploy.0 = Release|x86
		{20CB972C-8F7B-4DD5-BA29-9D1B1F188315}.PSM|x86.ActiveCfg = Release|x86
		{20CB972C-8F7B-4DD5-BA29-9D1B1F188315}.PSM|x86.Build.0 = Release|x86
		{20CB972C-8F7B-4DD5-BA29-9D1B1F188315}.PSM|x86.Deploy.0 = Release|x86
		{20CB972C-8F7B-4DD5-BA29-9D1B1F188315}.Release|Any CPU.ActiveCfg = Release|Any CPU
		{20CB972C-8F7B-4DD5-BA29-9D1B1F188315}.Release|Any CPU.Build.0 = Release|Any CPU
		{20CB972C-8F7B-4DD5-BA29-9D1B1F188315}.Release|Any CPU.Deploy.0 = Release|Any CPU
		{20CB972C-8F7B-4DD5-BA29-9D1B1F188315}.Release|Mixed Platforms.ActiveCfg = Release|x86
		{20CB972C-8F7B-4DD5-BA29-9D1B1F188315}.Release|Mixed Platforms.Build.0 = Release|x86
		{20CB972C-8F7B-4DD5-BA29-9D1B1F188315}.Release|Mixed Platforms.Deploy.0 = Release|x86
		{20CB972C-8F7B-4DD5-BA29-9D1B1F188315}.Release|x86.ActiveCfg = Release|x86
		{20CB972C-8F7B-4DD5-BA29-9D1B1F188315}.Release|x86.Build.0 = Release|x86
		{20CB972C-8F7B-4DD5-BA29-9D1B1F188315}.Release|x86.Deploy.0 = Release|x86
		{20CB972C-8F7B-4DD5-BA29-9D1B1F188315}.Windows|Any CPU.ActiveCfg = Release|Any CPU
		{20CB972C-8F7B-4DD5-BA29-9D1B1F188315}.Windows|Any CPU.Build.0 = Release|Any CPU
		{20CB972C-8F7B-4DD5-BA29-9D1B1F188315}.Windows|Any CPU.Deploy.0 = Release|Any CPU
		{20CB972C-8F7B-4DD5-BA29-9D1B1F188315}.Windows|Mixed Platforms.ActiveCfg = Release|x86
		{20CB972C-8F7B-4DD5-BA29-9D1B1F188315}.Windows|Mixed Platforms.Build.0 = Release|x86
		{20CB972C-8F7B-4DD5-BA29-9D1B1F188315}.Windows|Mixed Platforms.Deploy.0 = Release|x86
		{20CB972C-8F7B-4DD5-BA29-9D1B1F188315}.Windows|x86.ActiveCfg = Release|x86
		{20CB972C-8F7B-4DD5-BA29-9D1B1F188315}.Windows|x86.Build.0 = Release|x86
		{20CB972C-8F7B-4DD5-BA29-9D1B1F188315}.Windows|x86.Deploy.0 = Release|x86
		{20CB972C-8F7B-4DD5-BA29-9D1B1F188315}.Windows8|Any CPU.ActiveCfg = Release|Any CPU
		{20CB972C-8F7B-4DD5-BA29-9D1B1F188315}.Windows8|Any CPU.Build.0 = Release|Any CPU
		{20CB972C-8F7B-4DD5-BA29-9D1B1F188315}.Windows8|Any CPU.Deploy.0 = Release|Any CPU
		{20CB972C-8F7B-4DD5-BA29-9D1B1F188315}.Windows8|Mixed Platforms.ActiveCfg = Release|x86
		{20CB972C-8F7B-4DD5-BA29-9D1B1F188315}.Windows8|Mixed Platforms.Build.0 = Release|x86
		{20CB972C-8F7B-4DD5-BA29-9D1B1F188315}.Windows8|Mixed Platforms.Deploy.0 = Release|x86
		{20CB972C-8F7B-4DD5-BA29-9D1B1F188315}.Windows8|x86.ActiveCfg = Release|x86
		{20CB972C-8F7B-4DD5-BA29-9D1B1F188315}.Windows8|x86.Build.0 = Release|x86
		{20CB972C-8F7B-4DD5-BA29-9D1B1F188315}.Windows8|x86.Deploy.0 = Release|x86
		{94F54D70-0A8F-4873-B5B1-9260C9020A21}.Android|Any CPU.ActiveCfg = Release|x86
		{94F54D70-0A8F-4873-B5B1-9260C9020A21}.Android|Mixed Platforms.ActiveCfg = Release|x86
		{94F54D70-0A8F-4873-B5B1-9260C9020A21}.Android|Mixed Platforms.Build.0 = Release|x86
		{94F54D70-0A8F-4873-B5B1-9260C9020A21}.Android|Mixed Platforms.Deploy.0 = Release|x86
		{94F54D70-0A8F-4873-B5B1-9260C9020A21}.Android|x86.ActiveCfg = Release|x86
		{94F54D70-0A8F-4873-B5B1-9260C9020A21}.Android|x86.Build.0 = Release|x86
		{94F54D70-0A8F-4873-B5B1-9260C9020A21}.Android|x86.Deploy.0 = Release|x86
		{94F54D70-0A8F-4873-B5B1-9260C9020A21}.Debug|Any CPU.ActiveCfg = Debug|x86
		{94F54D70-0A8F-4873-B5B1-9260C9020A21}.Debug|Mixed Platforms.ActiveCfg = Debug|x86
		{94F54D70-0A8F-4873-B5B1-9260C9020A21}.Debug|Mixed Platforms.Build.0 = Debug|x86
		{94F54D70-0A8F-4873-B5B1-9260C9020A21}.Debug|Mixed Platforms.Deploy.0 = Debug|x86
		{94F54D70-0A8F-4873-B5B1-9260C9020A21}.Debug|x86.ActiveCfg = Debug|x86
		{94F54D70-0A8F-4873-B5B1-9260C9020A21}.Debug|x86.Build.0 = Debug|x86
		{94F54D70-0A8F-4873-B5B1-9260C9020A21}.Debug|x86.Deploy.0 = Debug|x86
		{94F54D70-0A8F-4873-B5B1-9260C9020A21}.iOS|Any CPU.ActiveCfg = Release|x86
		{94F54D70-0A8F-4873-B5B1-9260C9020A21}.iOS|Mixed Platforms.ActiveCfg = Release|x86
		{94F54D70-0A8F-4873-B5B1-9260C9020A21}.iOS|Mixed Platforms.Build.0 = Release|x86
		{94F54D70-0A8F-4873-B5B1-9260C9020A21}.iOS|Mixed Platforms.Deploy.0 = Release|x86
		{94F54D70-0A8F-4873-B5B1-9260C9020A21}.iOS|x86.ActiveCfg = Release|x86
		{94F54D70-0A8F-4873-B5B1-9260C9020A21}.iOS|x86.Build.0 = Release|x86
		{94F54D70-0A8F-4873-B5B1-9260C9020A21}.iOS|x86.Deploy.0 = Release|x86
		{94F54D70-0A8F-4873-B5B1-9260C9020A21}.Linux|Any CPU.ActiveCfg = Release|x86
		{94F54D70-0A8F-4873-B5B1-9260C9020A21}.Linux|Mixed Platforms.ActiveCfg = Release|x86
		{94F54D70-0A8F-4873-B5B1-9260C9020A21}.Linux|Mixed Platforms.Build.0 = Release|x86
		{94F54D70-0A8F-4873-B5B1-9260C9020A21}.Linux|Mixed Platforms.Deploy.0 = Release|x86
		{94F54D70-0A8F-4873-B5B1-9260C9020A21}.Linux|x86.ActiveCfg = Release|x86
		{94F54D70-0A8F-4873-B5B1-9260C9020A21}.Linux|x86.Build.0 = Release|x86
		{94F54D70-0A8F-4873-B5B1-9260C9020A21}.Linux|x86.Deploy.0 = Release|x86
		{94F54D70-0A8F-4873-B5B1-9260C9020A21}.OSX|Any CPU.ActiveCfg = Release|x86
		{94F54D70-0A8F-4873-B5B1-9260C9020A21}.OSX|Mixed Platforms.ActiveCfg = Release|x86
		{94F54D70-0A8F-4873-B5B1-9260C9020A21}.OSX|Mixed Platforms.Build.0 = Release|x86
		{94F54D70-0A8F-4873-B5B1-9260C9020A21}.OSX|Mixed Platforms.Deploy.0 = Release|x86
		{94F54D70-0A8F-4873-B5B1-9260C9020A21}.OSX|x86.ActiveCfg = Release|x86
		{94F54D70-0A8F-4873-B5B1-9260C9020A21}.OSX|x86.Build.0 = Release|x86
		{94F54D70-0A8F-4873-B5B1-9260C9020A21}.OSX|x86.Deploy.0 = Release|x86
		{94F54D70-0A8F-4873-B5B1-9260C9020A21}.PSM|Any CPU.ActiveCfg = Release|x86
		{94F54D70-0A8F-4873-B5B1-9260C9020A21}.PSM|Mixed Platforms.ActiveCfg = Release|x86
		{94F54D70-0A8F-4873-B5B1-9260C9020A21}.PSM|Mixed Platforms.Build.0 = Release|x86
		{94F54D70-0A8F-4873-B5B1-9260C9020A21}.PSM|Mixed Platforms.Deploy.0 = Release|x86
		{94F54D70-0A8F-4873-B5B1-9260C9020A21}.PSM|x86.ActiveCfg = Release|x86
		{94F54D70-0A8F-4873-B5B1-9260C9020A21}.PSM|x86.Build.0 = Release|x86
		{94F54D70-0A8F-4873-B5B1-9260C9020A21}.PSM|x86.Deploy.0 = Release|x86
		{94F54D70-0A8F-4873-B5B1-9260C9020A21}.Release|Any CPU.ActiveCfg = Release|x86
		{94F54D70-0A8F-4873-B5B1-9260C9020A21}.Release|Mixed Platforms.ActiveCfg = Release|x86
		{94F54D70-0A8F-4873-B5B1-9260C9020A21}.Release|Mixed Platforms.Build.0 = Release|x86
		{94F54D70-0A8F-4873-B5B1-9260C9020A21}.Release|Mixed Platforms.Deploy.0 = Release|x86
		{94F54D70-0A8F-4873-B5B1-9260C9020A21}.Release|x86.ActiveCfg = Release|x86
		{94F54D70-0A8F-4873-B5B1-9260C9020A21}.Release|x86.Build.0 = Release|x86
		{94F54D70-0A8F-4873-B5B1-9260C9020A21}.Release|x86.Deploy.0 = Release|x86
		{94F54D70-0A8F-4873-B5B1-9260C9020A21}.Windows|Any CPU.ActiveCfg = Release|x86
		{94F54D70-0A8F-4873-B5B1-9260C9020A21}.Windows|Mixed Platforms.ActiveCfg = Release|x86
		{94F54D70-0A8F-4873-B5B1-9260C9020A21}.Windows|Mixed Platforms.Build.0 = Release|x86
		{94F54D70-0A8F-4873-B5B1-9260C9020A21}.Windows|Mixed Platforms.Deploy.0 = Release|x86
		{94F54D70-0A8F-4873-B5B1-9260C9020A21}.Windows|x86.ActiveCfg = Release|x86
		{94F54D70-0A8F-4873-B5B1-9260C9020A21}.Windows|x86.Build.0 = Release|x86
		{94F54D70-0A8F-4873-B5B1-9260C9020A21}.Windows|x86.Deploy.0 = Release|x86
		{94F54D70-0A8F-4873-B5B1-9260C9020A21}.Windows8|Any CPU.ActiveCfg = Release|x86
		{94F54D70-0A8F-4873-B5B1-9260C9020A21}.Windows8|Mixed Platforms.ActiveCfg = Release|x86
		{94F54D70-0A8F-4873-B5B1-9260C9020A21}.Windows8|Mixed Platforms.Build.0 = Release|x86
		{94F54D70-0A8F-4873-B5B1-9260C9020A21}.Windows8|Mixed Platforms.Deploy.0 = Release|x86
		{94F54D70-0A8F-4873-B5B1-9260C9020A21}.Windows8|x86.ActiveCfg = Release|x86
		{94F54D70-0A8F-4873-B5B1-9260C9020A21}.Windows8|x86.Build.0 = Release|x86
		{94F54D70-0A8F-4873-B5B1-9260C9020A21}.Windows8|x86.Deploy.0 = Release|x86
	EndGlobalSection
	GlobalSection(SolutionProperties) = preSolution
		HideSolutionNode = FALSE
	EndGlobalSection
EndGlobal
